// !$*UTF8*$!
{
	archiveVersion = 1;
	classes = {
	};
	objectVersion = 46;
	objects = {

/* Begin PBXBuildFile section */
		4C1993F71DE5A0EF009F6078 /* WCPublishViewController.swift in Sources */ = {isa = PBXBuildFile; fileRef = 4C1993F51DE5A0EF009F6078 /* WCPublishViewController.swift */; };
		4C1993F81DE5A0EF009F6078 /* WCPublishViewController.xib in Resources */ = {isa = PBXBuildFile; fileRef = 4C1993F61DE5A0EF009F6078 /* WCPublishViewController.xib */; };
		4C1993FA1DE68CF1009F6078 /* WCPublishHeaderView.swift in Sources */ = {isa = PBXBuildFile; fileRef = 4C1993F91DE68CF1009F6078 /* WCPublishHeaderView.swift */; };
		4C1993FC1DE68D07009F6078 /* WCPublishHeaderView.xib in Resources */ = {isa = PBXBuildFile; fileRef = 4C1993FB1DE68D07009F6078 /* WCPublishHeaderView.xib */; };
		4C4077CE1DE56226000B823F /* WCFriendHeaderView.swift in Sources */ = {isa = PBXBuildFile; fileRef = 4C4077CA1DE56226000B823F /* WCFriendHeaderView.swift */; };
		4C4077CF1DE56226000B823F /* WCFriendHeaderView.xib in Resources */ = {isa = PBXBuildFile; fileRef = 4C4077CB1DE56226000B823F /* WCFriendHeaderView.xib */; };
		4C4077D51DE5627E000B823F /* WCPhotosViewController.swift in Sources */ = {isa = PBXBuildFile; fileRef = 4C4077D31DE5627E000B823F /* WCPhotosViewController.swift */; };
		4C4077D61DE5627E000B823F /* WCPhotosViewController.xib in Resources */ = {isa = PBXBuildFile; fileRef = 4C4077D41DE5627E000B823F /* WCPhotosViewController.xib */; };
		4C4077D91DE562C7000B823F /* WCAlbumsViewController.swift in Sources */ = {isa = PBXBuildFile; fileRef = 4C4077D71DE562C7000B823F /* WCAlbumsViewController.swift */; };
		4C4077DA1DE562C7000B823F /* WCAlbumsViewController.xib in Resources */ = {isa = PBXBuildFile; fileRef = 4C4077D81DE562C7000B823F /* WCAlbumsViewController.xib */; };
		4C4077DD1DE56DB6000B823F /* WCPhotoCell.swift in Sources */ = {isa = PBXBuildFile; fileRef = 4C4077DB1DE56DB6000B823F /* WCPhotoCell.swift */; };
		4C4077DE1DE56DB6000B823F /* WCPhotoCell.xib in Resources */ = {isa = PBXBuildFile; fileRef = 4C4077DC1DE56DB6000B823F /* WCPhotoCell.xib */; };
		4C4077E11DE56F4F000B823F /* checked.png in Resources */ = {isa = PBXBuildFile; fileRef = 4C4077DF1DE56F4F000B823F /* checked.png */; };
		4C4077E21DE56F4F000B823F /* unchecked.png in Resources */ = {isa = PBXBuildFile; fileRef = 4C4077E01DE56F4F000B823F /* unchecked.png */; };
		4C4077E41DE5750D000B823F /* PictureCell.plist in Resources */ = {isa = PBXBuildFile; fileRef = 4C4077E31DE5750D000B823F /* PictureCell.plist */; };
		4C4077FE1DE578E8000B823F /* 00.jpg in Resources */ = {isa = PBXBuildFile; fileRef = 4C4077E61DE578E8000B823F /* 00.jpg */; };
		4C4077FF1DE578E8000B823F /* 01.jpg in Resources */ = {isa = PBXBuildFile; fileRef = 4C4077E71DE578E8000B823F /* 01.jpg */; };
		4C4078001DE578E8000B823F /* 10.jpg in Resources */ = {isa = PBXBuildFile; fileRef = 4C4077E81DE578E8000B823F /* 10.jpg */; };
		4C4078011DE578E8000B823F /* 11.jpg in Resources */ = {isa = PBXBuildFile; fileRef = 4C4077E91DE578E8000B823F /* 11.jpg */; };
		4C4078021DE578E8000B823F /* 12.jpg in Resources */ = {isa = PBXBuildFile; fileRef = 4C4077EA1DE578E8000B823F /* 12.jpg */; };
		4C4078031DE578E8000B823F /* 13.jpg in Resources */ = {isa = PBXBuildFile; fileRef = 4C4077EB1DE578E8000B823F /* 13.jpg */; };
		4C4078041DE578E8000B823F /* 14.jpg in Resources */ = {isa = PBXBuildFile; fileRef = 4C4077EC1DE578E8000B823F /* 14.jpg */; };
		4C4078051DE578E8000B823F /* 15.jpg in Resources */ = {isa = PBXBuildFile; fileRef = 4C4077ED1DE578E8000B823F /* 15.jpg */; };
		4C4078061DE578E8000B823F /* 16.jpg in Resources */ = {isa = PBXBuildFile; fileRef = 4C4077EE1DE578E8000B823F /* 16.jpg */; };
		4C4078071DE578E8000B823F /* 17.jpg in Resources */ = {isa = PBXBuildFile; fileRef = 4C4077EF1DE578E8000B823F /* 17.jpg */; };
		4C4078081DE578E8000B823F /* 18.jpg in Resources */ = {isa = PBXBuildFile; fileRef = 4C4077F01DE578E8000B823F /* 18.jpg */; };
		4C4078091DE578E8000B823F /* 19.jpg in Resources */ = {isa = PBXBuildFile; fileRef = 4C4077F11DE578E8000B823F /* 19.jpg */; };
		4C40780A1DE578E8000B823F /* 02.jpg in Resources */ = {isa = PBXBuildFile; fileRef = 4C4077F21DE578E8000B823F /* 02.jpg */; };
		4C40780B1DE578E8000B823F /* 20.jpg in Resources */ = {isa = PBXBuildFile; fileRef = 4C4077F31DE578E8000B823F /* 20.jpg */; };
		4C40780C1DE578E8000B823F /* 21.jpg in Resources */ = {isa = PBXBuildFile; fileRef = 4C4077F41DE578E8000B823F /* 21.jpg */; };
		4C40780D1DE578E8000B823F /* 22.jpg in Resources */ = {isa = PBXBuildFile; fileRef = 4C4077F51DE578E8000B823F /* 22.jpg */; };
		4C40780E1DE578E8000B823F /* 23.jpg in Resources */ = {isa = PBXBuildFile; fileRef = 4C4077F61DE578E8000B823F /* 23.jpg */; };
		4C40780F1DE578E8000B823F /* 03.jpg in Resources */ = {isa = PBXBuildFile; fileRef = 4C4077F71DE578E8000B823F /* 03.jpg */; };
		4C4078101DE578E8000B823F /* 04.jpg in Resources */ = {isa = PBXBuildFile; fileRef = 4C4077F81DE578E8000B823F /* 04.jpg */; };
		4C4078111DE578E8000B823F /* 05.jpg in Resources */ = {isa = PBXBuildFile; fileRef = 4C4077F91DE578E8000B823F /* 05.jpg */; };
		4C4078121DE578E8000B823F /* 06.jpg in Resources */ = {isa = PBXBuildFile; fileRef = 4C4077FA1DE578E8000B823F /* 06.jpg */; };
		4C4078131DE578E8000B823F /* 07.jpg in Resources */ = {isa = PBXBuildFile; fileRef = 4C4077FB1DE578E8000B823F /* 07.jpg */; };
		4C4078141DE578E8000B823F /* 08.jpg in Resources */ = {isa = PBXBuildFile; fileRef = 4C4077FC1DE578E8000B823F /* 08.jpg */; };
		4C4078151DE578E8000B823F /* 09.jpg in Resources */ = {isa = PBXBuildFile; fileRef = 4C4077FD1DE578E8000B823F /* 09.jpg */; };
		4C4078171DE596A5000B823F /* WCPhotoModel.swift in Sources */ = {isa = PBXBuildFile; fileRef = 4C4078161DE596A5000B823F /* WCPhotoModel.swift */; };
		4C4248FA1DEC2EF1007345FE /* WCAlertSheet.swift in Sources */ = {isa = PBXBuildFile; fileRef = 4C4248F91DEC2EF1007345FE /* WCAlertSheet.swift */; };
		4C4AC8281DDC565300F115CB /* AppDelegate.swift in Sources */ = {isa = PBXBuildFile; fileRef = 4C4AC8271DDC565300F115CB /* AppDelegate.swift */; };
		4C4AC82D1DDC565300F115CB /* Main.storyboard in Resources */ = {isa = PBXBuildFile; fileRef = 4C4AC82B1DDC565300F115CB /* Main.storyboard */; };
		4C4AC82F1DDC565300F115CB /* Assets.xcassets in Resources */ = {isa = PBXBuildFile; fileRef = 4C4AC82E1DDC565300F115CB /* Assets.xcassets */; };
		4C4AC8321DDC565300F115CB /* LaunchScreen.storyboard in Resources */ = {isa = PBXBuildFile; fileRef = 4C4AC8301DDC565300F115CB /* LaunchScreen.storyboard */; };
		4C4AC84D1DDC5B7F00F115CB /* WCBaseNavController.swift in Sources */ = {isa = PBXBuildFile; fileRef = 4C4AC84C1DDC5B7F00F115CB /* WCBaseNavController.swift */; };
		4C4AC84F1DDC5BA100F115CB /* WCBaseTabBarController.swift in Sources */ = {isa = PBXBuildFile; fileRef = 4C4AC84E1DDC5BA100F115CB /* WCBaseTabBarController.swift */; };
		4C4AC8511DDC5BB900F115CB /* WCBaseViewController.swift in Sources */ = {isa = PBXBuildFile; fileRef = 4C4AC8501DDC5BB900F115CB /* WCBaseViewController.swift */; };
		4C4AC8531DDC5D6300F115CB /* header_icon_add@2x.png in Resources */ = {isa = PBXBuildFile; fileRef = 4C4AC8521DDC5D6300F115CB /* header_icon_add@2x.png */; };
		4C4AC8911DDC5D7100F115CB /* Action_JD_mainMenu@2x.png in Resources */ = {isa = PBXBuildFile; fileRef = 4C4AC8541DDC5D7000F115CB /* Action_JD_mainMenu@2x.png */; };
		4C4AC8921DDC5D7100F115CB /* AlbumAddBtn@2x.png in Resources */ = {isa = PBXBuildFile; fileRef = 4C4AC8551DDC5D7000F115CB /* AlbumAddBtn@2x.png */; };
		4C4AC8931DDC5D7100F115CB /* AlbumComment@2x.png in Resources */ = {isa = PBXBuildFile; fileRef = 4C4AC8561DDC5D7000F115CB /* AlbumComment@2x.png */; };
		4C4AC8941DDC5D7100F115CB /* AlbumComment@3x.png in Resources */ = {isa = PBXBuildFile; fileRef = 4C4AC8571DDC5D7000F115CB /* AlbumComment@3x.png */; };
		4C4AC8951DDC5D7100F115CB /* AlbumLike@2x.png in Resources */ = {isa = PBXBuildFile; fileRef = 4C4AC8581DDC5D7000F115CB /* AlbumLike@2x.png */; };
		4C4AC8961DDC5D7100F115CB /* AlbumLike@3x.png in Resources */ = {isa = PBXBuildFile; fileRef = 4C4AC8591DDC5D7000F115CB /* AlbumLike@3x.png */; };
		4C4AC8971DDC5D7100F115CB /* AlbumOperateMore@2x.png in Resources */ = {isa = PBXBuildFile; fileRef = 4C4AC85A1DDC5D7000F115CB /* AlbumOperateMore@2x.png */; };
		4C4AC8981DDC5D7100F115CB /* AlbumOperateMore@3x.png in Resources */ = {isa = PBXBuildFile; fileRef = 4C4AC85B1DDC5D7000F115CB /* AlbumOperateMore@3x.png */; };
		4C4AC8991DDC5D7100F115CB /* AlbumOperateMoreHL@2x.png in Resources */ = {isa = PBXBuildFile; fileRef = 4C4AC85C1DDC5D7000F115CB /* AlbumOperateMoreHL@2x.png */; };
		4C4AC89A1DDC5D7100F115CB /* AlbumOperateMoreHL@3x.png in Resources */ = {isa = PBXBuildFile; fileRef = 4C4AC85D1DDC5D7000F115CB /* AlbumOperateMoreHL@3x.png */; };
		4C4AC89B1DDC5D7100F115CB /* AlbumOperateMoreViewBkg@2x.png in Resources */ = {isa = PBXBuildFile; fileRef = 4C4AC85E1DDC5D7000F115CB /* AlbumOperateMoreViewBkg@2x.png */; };
		4C4AC89C1DDC5D7100F115CB /* AlbumReflashIcon@2x.png in Resources */ = {isa = PBXBuildFile; fileRef = 4C4AC85F1DDC5D7000F115CB /* AlbumReflashIcon@2x.png */; };
		4C4AC89D1DDC5D7100F115CB /* bottleBkg@2x.jpg in Resources */ = {isa = PBXBuildFile; fileRef = 4C4AC8601DDC5D7000F115CB /* bottleBkg@2x.jpg */; };
		4C4AC89E1DDC5D7100F115CB /* bottleBkgSpotLight@2x.png in Resources */ = {isa = PBXBuildFile; fileRef = 4C4AC8611DDC5D7000F115CB /* bottleBkgSpotLight@2x.png */; };
		4C4AC89F1DDC5D7100F115CB /* bottleBoard.png in Resources */ = {isa = PBXBuildFile; fileRef = 4C4AC8621DDC5D7000F115CB /* bottleBoard.png */; };
		4C4AC8A01DDC5D7100F115CB /* bottleBoard@2x.png in Resources */ = {isa = PBXBuildFile; fileRef = 4C4AC8631DDC5D7000F115CB /* bottleBoard@2x.png */; };
		4C4AC8A11DDC5D7100F115CB /* bottleButtonFish.png in Resources */ = {isa = PBXBuildFile; fileRef = 4C4AC8641DDC5D7000F115CB /* bottleButtonFish.png */; };
		4C4AC8A21DDC5D7100F115CB /* bottleButtonFish@2x.png in Resources */ = {isa = PBXBuildFile; fileRef = 4C4AC8651DDC5D7000F115CB /* bottleButtonFish@2x.png */; };
		4C4AC8A31DDC5D7100F115CB /* bottleButtonMine.png in Resources */ = {isa = PBXBuildFile; fileRef = 4C4AC8661DDC5D7000F115CB /* bottleButtonMine.png */; };
		4C4AC8A41DDC5D7100F115CB /* bottleButtonMine@2x.png in Resources */ = {isa = PBXBuildFile; fileRef = 4C4AC8671DDC5D7000F115CB /* bottleButtonMine@2x.png */; };
		4C4AC8A51DDC5D7100F115CB /* bottleButtonThrow.png in Resources */ = {isa = PBXBuildFile; fileRef = 4C4AC8681DDC5D7000F115CB /* bottleButtonThrow.png */; };
		4C4AC8A61DDC5D7100F115CB /* bottleButtonThrow@2x.png in Resources */ = {isa = PBXBuildFile; fileRef = 4C4AC8691DDC5D7000F115CB /* bottleButtonThrow@2x.png */; };
		4C4AC8A71DDC5D7100F115CB /* bottleNightBkg@2x.jpg in Resources */ = {isa = PBXBuildFile; fileRef = 4C4AC86A1DDC5D7000F115CB /* bottleNightBkg@2x.jpg */; };
		4C4AC8A81DDC5D7100F115CB /* bottleRecord@2x.png in Resources */ = {isa = PBXBuildFile; fileRef = 4C4AC86B1DDC5D7000F115CB /* bottleRecord@2x.png */; };
		4C4AC8A91DDC5D7100F115CB /* Camera@2x.png in Resources */ = {isa = PBXBuildFile; fileRef = 4C4AC86C1DDC5D7000F115CB /* Camera@2x.png */; };
		4C4AC8AA1DDC5D7100F115CB /* Camera@3x.png in Resources */ = {isa = PBXBuildFile; fileRef = 4C4AC86D1DDC5D7000F115CB /* Camera@3x.png */; };
		4C4AC8AB1DDC5D7100F115CB /* CreditCard_ShoppingBag@2x.png in Resources */ = {isa = PBXBuildFile; fileRef = 4C4AC86E1DDC5D7000F115CB /* CreditCard_ShoppingBag@2x.png */; };
		4C4AC8AC1DDC5D7100F115CB /* ff_IconBottle.png in Resources */ = {isa = PBXBuildFile; fileRef = 4C4AC86F1DDC5D7000F115CB /* ff_IconBottle.png */; };
		4C4AC8AD1DDC5D7100F115CB /* ff_IconBottle@2x.png in Resources */ = {isa = PBXBuildFile; fileRef = 4C4AC8701DDC5D7000F115CB /* ff_IconBottle@2x.png */; };
		4C4AC8AE1DDC5D7100F115CB /* ff_IconBottle@3x.png in Resources */ = {isa = PBXBuildFile; fileRef = 4C4AC8711DDC5D7000F115CB /* ff_IconBottle@3x.png */; };
		4C4AC8AF1DDC5D7100F115CB /* ff_IconLocationService.png in Resources */ = {isa = PBXBuildFile; fileRef = 4C4AC8721DDC5D7000F115CB /* ff_IconLocationService.png */; };
		4C4AC8B01DDC5D7100F115CB /* ff_IconLocationService@2x.png in Resources */ = {isa = PBXBuildFile; fileRef = 4C4AC8731DDC5D7000F115CB /* ff_IconLocationService@2x.png */; };
		4C4AC8B11DDC5D7100F115CB /* ff_IconLocationService@3x.png in Resources */ = {isa = PBXBuildFile; fileRef = 4C4AC8741DDC5D7000F115CB /* ff_IconLocationService@3x.png */; };
		4C4AC8B21DDC5D7100F115CB /* ff_IconQRCode.png in Resources */ = {isa = PBXBuildFile; fileRef = 4C4AC8751DDC5D7000F115CB /* ff_IconQRCode.png */; };
		4C4AC8B31DDC5D7100F115CB /* ff_IconQRCode@2x.png in Resources */ = {isa = PBXBuildFile; fileRef = 4C4AC8761DDC5D7000F115CB /* ff_IconQRCode@2x.png */; };
		4C4AC8B41DDC5D7100F115CB /* ff_IconQRCode@3x.png in Resources */ = {isa = PBXBuildFile; fileRef = 4C4AC8771DDC5D7000F115CB /* ff_IconQRCode@3x.png */; };
		4C4AC8B51DDC5D7100F115CB /* ff_IconShake.png in Resources */ = {isa = PBXBuildFile; fileRef = 4C4AC8781DDC5D7000F115CB /* ff_IconShake.png */; };
		4C4AC8B61DDC5D7100F115CB /* ff_IconShake@2x.png in Resources */ = {isa = PBXBuildFile; fileRef = 4C4AC8791DDC5D7000F115CB /* ff_IconShake@2x.png */; };
		4C4AC8B71DDC5D7100F115CB /* ff_IconShake@3x.png in Resources */ = {isa = PBXBuildFile; fileRef = 4C4AC87A1DDC5D7000F115CB /* ff_IconShake@3x.png */; };
		4C4AC8B81DDC5D7100F115CB /* ff_IconShowAlbum.png in Resources */ = {isa = PBXBuildFile; fileRef = 4C4AC87B1DDC5D7000F115CB /* ff_IconShowAlbum.png */; };
		4C4AC8B91DDC5D7100F115CB /* ff_IconShowAlbum@2x.png in Resources */ = {isa = PBXBuildFile; fileRef = 4C4AC87C1DDC5D7000F115CB /* ff_IconShowAlbum@2x.png */; };
		4C4AC8BA1DDC5D7100F115CB /* ff_IconShowAlbum@3x.png in Resources */ = {isa = PBXBuildFile; fileRef = 4C4AC87D1DDC5D7000F115CB /* ff_IconShowAlbum@3x.png */; };
		4C4AC8BB1DDC5D7100F115CB /* FootStep@2x.png in Resources */ = {isa = PBXBuildFile; fileRef = 4C4AC87E1DDC5D7000F115CB /* FootStep@2x.png */; };
		4C4AC8BC1DDC5D7100F115CB /* Like@2x.png in Resources */ = {isa = PBXBuildFile; fileRef = 4C4AC87F1DDC5D7000F115CB /* Like@2x.png */; };
		4C4AC8BD1DDC5D7100F115CB /* Like@3x.png in Resources */ = {isa = PBXBuildFile; fileRef = 4C4AC8801DDC5D7100F115CB /* Like@3x.png */; };
		4C4AC8BE1DDC5D7100F115CB /* LikeCmtBg@2x.png in Resources */ = {isa = PBXBuildFile; fileRef = 4C4AC8811DDC5D7100F115CB /* LikeCmtBg@2x.png */; };
		4C4AC8BF1DDC5D7100F115CB /* LikeCmtBg@3x.png in Resources */ = {isa = PBXBuildFile; fileRef = 4C4AC8821DDC5D7100F115CB /* LikeCmtBg@3x.png */; };
		4C4AC8C01DDC5D7100F115CB /* MoreGame.png in Resources */ = {isa = PBXBuildFile; fileRef = 4C4AC8831DDC5D7100F115CB /* MoreGame.png */; };
		4C4AC8C11DDC5D7100F115CB /* MoreGame@2x.png in Resources */ = {isa = PBXBuildFile; fileRef = 4C4AC8841DDC5D7100F115CB /* MoreGame@2x.png */; };
		4C4AC8C21DDC5D7100F115CB /* MoreGame@3x.png in Resources */ = {isa = PBXBuildFile; fileRef = 4C4AC8851DDC5D7100F115CB /* MoreGame@3x.png */; };
		4C4AC8C31DDC5D7100F115CB /* Shake_icon_music@2x.png in Resources */ = {isa = PBXBuildFile; fileRef = 4C4AC8861DDC5D7100F115CB /* Shake_icon_music@2x.png */; };
		4C4AC8C41DDC5D7100F115CB /* Shake_icon_musicHL@2x.png in Resources */ = {isa = PBXBuildFile; fileRef = 4C4AC8871DDC5D7100F115CB /* Shake_icon_musicHL@2x.png */; };
		4C4AC8C51DDC5D7100F115CB /* Shake_icon_people@2x.png in Resources */ = {isa = PBXBuildFile; fileRef = 4C4AC8881DDC5D7100F115CB /* Shake_icon_people@2x.png */; };
		4C4AC8C61DDC5D7100F115CB /* Shake_icon_peopleHL@2x.png in Resources */ = {isa = PBXBuildFile; fileRef = 4C4AC8891DDC5D7100F115CB /* Shake_icon_peopleHL@2x.png */; };
		4C4AC8C71DDC5D7100F115CB /* Shake_icon_tv@2x.png in Resources */ = {isa = PBXBuildFile; fileRef = 4C4AC88A1DDC5D7100F115CB /* Shake_icon_tv@2x.png */; };
		4C4AC8C81DDC5D7100F115CB /* Shake_icon_tvHL@2x.png in Resources */ = {isa = PBXBuildFile; fileRef = 4C4AC88B1DDC5D7100F115CB /* Shake_icon_tvHL@2x.png */; };
		4C4AC8C91DDC5D7100F115CB /* Shake_Line_Down@2x.png in Resources */ = {isa = PBXBuildFile; fileRef = 4C4AC88C1DDC5D7100F115CB /* Shake_Line_Down@2x.png */; };
		4C4AC8CA1DDC5D7100F115CB /* Shake_Line_Up@2x.png in Resources */ = {isa = PBXBuildFile; fileRef = 4C4AC88D1DDC5D7100F115CB /* Shake_Line_Up@2x.png */; };
		4C4AC8CB1DDC5D7100F115CB /* Shake_Logo_Down@2x.png in Resources */ = {isa = PBXBuildFile; fileRef = 4C4AC88E1DDC5D7100F115CB /* Shake_Logo_Down@2x.png */; };
		4C4AC8CC1DDC5D7100F115CB /* Shake_Logo_Up@2x.png in Resources */ = {isa = PBXBuildFile; fileRef = 4C4AC88F1DDC5D7100F115CB /* Shake_Logo_Up@2x.png */; };
		4C4AC8CD1DDC5D7100F115CB /* ShakeHideImg_women@2x.png in Resources */ = {isa = PBXBuildFile; fileRef = 4C4AC8901DDC5D7100F115CB /* ShakeHideImg_women@2x.png */; };
		4C4AC8E41DDC5D8500F115CB /* barbuttonicon_set.png in Resources */ = {isa = PBXBuildFile; fileRef = 4C4AC8CE1DDC5D8500F115CB /* barbuttonicon_set.png */; };
		4C4AC8E51DDC5D8500F115CB /* barbuttonicon_set@2x.png in Resources */ = {isa = PBXBuildFile; fileRef = 4C4AC8CF1DDC5D8500F115CB /* barbuttonicon_set@2x.png */; };
		4C4AC8E61DDC5D8500F115CB /* barbuttonicon_set@3x.png in Resources */ = {isa = PBXBuildFile; fileRef = 4C4AC8D01DDC5D8500F115CB /* barbuttonicon_set@3x.png */; };
		4C4AC8E71DDC5D8500F115CB /* MoreExpressionShops.png in Resources */ = {isa = PBXBuildFile; fileRef = 4C4AC8D11DDC5D8500F115CB /* MoreExpressionShops.png */; };
		4C4AC8E81DDC5D8500F115CB /* MoreExpressionShops@2x.png in Resources */ = {isa = PBXBuildFile; fileRef = 4C4AC8D21DDC5D8500F115CB /* MoreExpressionShops@2x.png */; };
		4C4AC8E91DDC5D8500F115CB /* MoreExpressionShops@3x.png in Resources */ = {isa = PBXBuildFile; fileRef = 4C4AC8D31DDC5D8500F115CB /* MoreExpressionShops@3x.png */; };
		4C4AC8EA1DDC5D8500F115CB /* MoreMyAlbum.png in Resources */ = {isa = PBXBuildFile; fileRef = 4C4AC8D41DDC5D8500F115CB /* MoreMyAlbum.png */; };
		4C4AC8EB1DDC5D8500F115CB /* MoreMyAlbum@2x.png in Resources */ = {isa = PBXBuildFile; fileRef = 4C4AC8D51DDC5D8500F115CB /* MoreMyAlbum@2x.png */; };
		4C4AC8EC1DDC5D8500F115CB /* MoreMyAlbum@3x.png in Resources */ = {isa = PBXBuildFile; fileRef = 4C4AC8D61DDC5D8500F115CB /* MoreMyAlbum@3x.png */; };
		4C4AC8ED1DDC5D8500F115CB /* MoreMyBankCard.png in Resources */ = {isa = PBXBuildFile; fileRef = 4C4AC8D71DDC5D8500F115CB /* MoreMyBankCard.png */; };
		4C4AC8EE1DDC5D8500F115CB /* MoreMyBankCard@2x.png in Resources */ = {isa = PBXBuildFile; fileRef = 4C4AC8D81DDC5D8500F115CB /* MoreMyBankCard@2x.png */; };
		4C4AC8EF1DDC5D8500F115CB /* MoreMyBankCard@3x.png in Resources */ = {isa = PBXBuildFile; fileRef = 4C4AC8D91DDC5D8500F115CB /* MoreMyBankCard@3x.png */; };
		4C4AC8F01DDC5D8500F115CB /* MoreMyFavorites.png in Resources */ = {isa = PBXBuildFile; fileRef = 4C4AC8DA1DDC5D8500F115CB /* MoreMyFavorites.png */; };
		4C4AC8F11DDC5D8500F115CB /* MoreMyFavorites@2x.png in Resources */ = {isa = PBXBuildFile; fileRef = 4C4AC8DB1DDC5D8500F115CB /* MoreMyFavorites@2x.png */; };
		4C4AC8F21DDC5D8500F115CB /* MoreMyFavorites@3x.png in Resources */ = {isa = PBXBuildFile; fileRef = 4C4AC8DC1DDC5D8500F115CB /* MoreMyFavorites@3x.png */; };
		4C4AC8F31DDC5D8500F115CB /* MoreSetting@2x.png in Resources */ = {isa = PBXBuildFile; fileRef = 4C4AC8DD1DDC5D8500F115CB /* MoreSetting@2x.png */; };
		4C4AC8F41DDC5D8500F115CB /* MoreSetting@3x.png in Resources */ = {isa = PBXBuildFile; fileRef = 4C4AC8DE1DDC5D8500F115CB /* MoreSetting@3x.png */; };
		4C4AC8F51DDC5D8500F115CB /* my.png in Resources */ = {isa = PBXBuildFile; fileRef = 4C4AC8DF1DDC5D8500F115CB /* my.png */; };
		4C4AC8F61DDC5D8500F115CB /* MyCardPackageIcon@2x.png in Resources */ = {isa = PBXBuildFile; fileRef = 4C4AC8E01DDC5D8500F115CB /* MyCardPackageIcon@2x.png */; };
		4C4AC8F71DDC5D8500F115CB /* ProfileLockOn@2x.png in Resources */ = {isa = PBXBuildFile; fileRef = 4C4AC8E11DDC5D8500F115CB /* ProfileLockOn@2x.png */; };
		4C4AC8F81DDC5D8500F115CB /* ProfileLockOn@3x.png in Resources */ = {isa = PBXBuildFile; fileRef = 4C4AC8E21DDC5D8500F115CB /* ProfileLockOn@3x.png */; };
		4C4AC8F91DDC5D8500F115CB /* xhr.png in Resources */ = {isa = PBXBuildFile; fileRef = 4C4AC8E31DDC5D8500F115CB /* xhr.png */; };
		4C4AC9021DDC5D9E00F115CB /* tabbar_contacts@2x.png in Resources */ = {isa = PBXBuildFile; fileRef = 4C4AC8FA1DDC5D9E00F115CB /* tabbar_contacts@2x.png */; };
		4C4AC9031DDC5D9E00F115CB /* tabbar_contactsHL@2x.png in Resources */ = {isa = PBXBuildFile; fileRef = 4C4AC8FB1DDC5D9E00F115CB /* tabbar_contactsHL@2x.png */; };
		4C4AC9041DDC5D9E00F115CB /* tabbar_discover@2x.png in Resources */ = {isa = PBXBuildFile; fileRef = 4C4AC8FC1DDC5D9E00F115CB /* tabbar_discover@2x.png */; };
		4C4AC9051DDC5D9E00F115CB /* tabbar_discoverHL@2x.png in Resources */ = {isa = PBXBuildFile; fileRef = 4C4AC8FD1DDC5D9E00F115CB /* tabbar_discoverHL@2x.png */; };
		4C4AC9061DDC5D9E00F115CB /* tabbar_mainframe@2x.png in Resources */ = {isa = PBXBuildFile; fileRef = 4C4AC8FE1DDC5D9E00F115CB /* tabbar_mainframe@2x.png */; };
		4C4AC9071DDC5D9E00F115CB /* tabbar_mainframeHL@2x.png in Resources */ = {isa = PBXBuildFile; fileRef = 4C4AC8FF1DDC5D9E00F115CB /* tabbar_mainframeHL@2x.png */; };
		4C4AC9081DDC5D9E00F115CB /* tabbar_me@2x.png in Resources */ = {isa = PBXBuildFile; fileRef = 4C4AC9001DDC5D9E00F115CB /* tabbar_me@2x.png */; };
		4C4AC9091DDC5D9E00F115CB /* tabbar_meHL@2x.png in Resources */ = {isa = PBXBuildFile; fileRef = 4C4AC9011DDC5D9E00F115CB /* tabbar_meHL@2x.png */; };
		4C4AC90B1DDC5E1000F115CB /* Dimensional-_Code_Bg@2x.png in Resources */ = {isa = PBXBuildFile; fileRef = 4C4AC90A1DDC5E1000F115CB /* Dimensional-_Code_Bg@2x.png */; };
		4C4AC90D1DDC62D600F115CB /* WCHomeNavController.swift in Sources */ = {isa = PBXBuildFile; fileRef = 4C4AC90C1DDC62D600F115CB /* WCHomeNavController.swift */; };
		4C4AC9101DDC62F000F115CB /* WCHomeViewController.swift in Sources */ = {isa = PBXBuildFile; fileRef = 4C4AC90E1DDC62F000F115CB /* WCHomeViewController.swift */; };
		4C4AC9111DDC62F000F115CB /* WCHomeViewController.xib in Resources */ = {isa = PBXBuildFile; fileRef = 4C4AC90F1DDC62F000F115CB /* WCHomeViewController.xib */; };
		4C4AC9141DDC634B00F115CB /* WCContactViewController.swift in Sources */ = {isa = PBXBuildFile; fileRef = 4C4AC9121DDC634B00F115CB /* WCContactViewController.swift */; };
		4C4AC9151DDC634B00F115CB /* WCContactViewController.xib in Resources */ = {isa = PBXBuildFile; fileRef = 4C4AC9131DDC634B00F115CB /* WCContactViewController.xib */; };
		4C4AC9181DDC636100F115CB /* WCDiscoverViewController.swift in Sources */ = {isa = PBXBuildFile; fileRef = 4C4AC9161DDC636100F115CB /* WCDiscoverViewController.swift */; };
		4C4AC9191DDC636100F115CB /* WCDiscoverViewController.xib in Resources */ = {isa = PBXBuildFile; fileRef = 4C4AC9171DDC636100F115CB /* WCDiscoverViewController.xib */; };
		4C4AC91C1DDC637000F115CB /* WCMyViewController.swift in Sources */ = {isa = PBXBuildFile; fileRef = 4C4AC91A1DDC637000F115CB /* WCMyViewController.swift */; };
		4C4AC91D1DDC637000F115CB /* WCMyViewController.xib in Resources */ = {isa = PBXBuildFile; fileRef = 4C4AC91B1DDC637000F115CB /* WCMyViewController.xib */; };
		4C4AC91F1DDC638D00F115CB /* WCContactNavController.swift in Sources */ = {isa = PBXBuildFile; fileRef = 4C4AC91E1DDC638D00F115CB /* WCContactNavController.swift */; };
		4C4AC9211DDC63A100F115CB /* WCDiscoverNavController.swift in Sources */ = {isa = PBXBuildFile; fileRef = 4C4AC9201DDC63A100F115CB /* WCDiscoverNavController.swift */; };
		4C4AC9231DDC63B900F115CB /* WCMyNavController.swift in Sources */ = {isa = PBXBuildFile; fileRef = 4C4AC9221DDC63B900F115CB /* WCMyNavController.swift */; };
		4C4AC9261DDC6C1700F115CB /* WCHomeViewCell.swift in Sources */ = {isa = PBXBuildFile; fileRef = 4C4AC9241DDC6C1700F115CB /* WCHomeViewCell.swift */; };
		4C4AC9271DDC6C1700F115CB /* WCHomeViewCell.xib in Resources */ = {isa = PBXBuildFile; fileRef = 4C4AC9251DDC6C1700F115CB /* WCHomeViewCell.xib */; };
		4C4AC92F1DDD5D9800F115CB /* WCSearchResultViewController.swift in Sources */ = {isa = PBXBuildFile; fileRef = 4C4AC92D1DDD5D9800F115CB /* WCSearchResultViewController.swift */; };
		4C4AC9301DDD5D9800F115CB /* WCSearchResultViewController.xib in Resources */ = {isa = PBXBuildFile; fileRef = 4C4AC92E1DDD5D9800F115CB /* WCSearchResultViewController.xib */; };
		4C707F211DE2ECD8005389FF /* pbg.jpg in Resources */ = {isa = PBXBuildFile; fileRef = 4C707F201DE2ECD8005389FF /* pbg.jpg */; };
		4C707F231DE2ED12005389FF /* angel.jpg in Resources */ = {isa = PBXBuildFile; fileRef = 4C707F221DE2ED12005389FF /* angel.jpg */; };
		4C707F251DE2F492005389FF /* activity.png in Resources */ = {isa = PBXBuildFile; fileRef = 4C707F241DE2F492005389FF /* activity.png */; };
		4C89AFD41DEBFDD700A94D45 /* WCConfig.swift in Sources */ = {isa = PBXBuildFile; fileRef = 4C89AFD31DEBFDD700A94D45 /* WCConfig.swift */; };
		4CCD8E4B1DDD960000EC2686 /* WCDiscoverContents.plist in Resources */ = {isa = PBXBuildFile; fileRef = 4CCD8E4A1DDD960000EC2686 /* WCDiscoverContents.plist */; };
		4CCD8E5D1DDDAD7E00EC2686 /* WCMessageViewController.swift in Sources */ = {isa = PBXBuildFile; fileRef = 4CCD8E5B1DDDAD7E00EC2686 /* WCMessageViewController.swift */; };
		4CCD8E5E1DDDAD7E00EC2686 /* WCMessageViewController.xib in Resources */ = {isa = PBXBuildFile; fileRef = 4CCD8E5C1DDDAD7E00EC2686 /* WCMessageViewController.xib */; };
		4CCD8E611DDDAD8B00EC2686 /* WCUserInfoViewController.swift in Sources */ = {isa = PBXBuildFile; fileRef = 4CCD8E5F1DDDAD8B00EC2686 /* WCUserInfoViewController.swift */; };
		4CCD8E621DDDAD8B00EC2686 /* WCUserInfoViewController.xib in Resources */ = {isa = PBXBuildFile; fileRef = 4CCD8E601DDDAD8B00EC2686 /* WCUserInfoViewController.xib */; };
		4CCD8E651DDDADA000EC2686 /* WCFriendViewController.swift in Sources */ = {isa = PBXBuildFile; fileRef = 4CCD8E631DDDADA000EC2686 /* WCFriendViewController.swift */; };
		4CCD8E661DDDADA000EC2686 /* WCFriendViewController.xib in Resources */ = {isa = PBXBuildFile; fileRef = 4CCD8E641DDDADA000EC2686 /* WCFriendViewController.xib */; };
		4CCD8E691DDDADB900EC2686 /* WCQRCodeViewController.swift in Sources */ = {isa = PBXBuildFile; fileRef = 4CCD8E671DDDADB900EC2686 /* WCQRCodeViewController.swift */; };
		4CCD8E6A1DDDADB900EC2686 /* WCQRCodeViewController.xib in Resources */ = {isa = PBXBuildFile; fileRef = 4CCD8E681DDDADB900EC2686 /* WCQRCodeViewController.xib */; };
		4CCD8E6D1DDDADC900EC2686 /* WCShakeViewController.swift in Sources */ = {isa = PBXBuildFile; fileRef = 4CCD8E6B1DDDADC900EC2686 /* WCShakeViewController.swift */; };
		4CCD8E6E1DDDADC900EC2686 /* WCShakeViewController.xib in Resources */ = {isa = PBXBuildFile; fileRef = 4CCD8E6C1DDDADC900EC2686 /* WCShakeViewController.xib */; };
		4CD288E41DED31DC00E3D37A /* UIView+Addition.swift in Sources */ = {isa = PBXBuildFile; fileRef = 4CD288E31DED31DC00E3D37A /* UIView+Addition.swift */; };
/* End PBXBuildFile section */

/* Begin PBXFileReference section */
		4C1993F51DE5A0EF009F6078 /* WCPublishViewController.swift */ = {isa = PBXFileReference; fileEncoding = 4; lastKnownFileType = sourcecode.swift; path = WCPublishViewController.swift; sourceTree = "<group>"; };
		4C1993F61DE5A0EF009F6078 /* WCPublishViewController.xib */ = {isa = PBXFileReference; fileEncoding = 4; lastKnownFileType = file.xib; path = WCPublishViewController.xib; sourceTree = "<group>"; };
		4C1993F91DE68CF1009F6078 /* WCPublishHeaderView.swift */ = {isa = PBXFileReference; fileEncoding = 4; lastKnownFileType = sourcecode.swift; path = WCPublishHeaderView.swift; sourceTree = "<group>"; };
		4C1993FB1DE68D07009F6078 /* WCPublishHeaderView.xib */ = {isa = PBXFileReference; fileEncoding = 4; lastKnownFileType = file.xib; path = WCPublishHeaderView.xib; sourceTree = "<group>"; };
		4C4077CA1DE56226000B823F /* WCFriendHeaderView.swift */ = {isa = PBXFileReference; fileEncoding = 4; lastKnownFileType = sourcecode.swift; name = WCFriendHeaderView.swift; path = Friend/WCFriendHeaderView.swift; sourceTree = "<group>"; };
		4C4077CB1DE56226000B823F /* WCFriendHeaderView.xib */ = {isa = PBXFileReference; fileEncoding = 4; lastKnownFileType = file.xib; name = WCFriendHeaderView.xib; path = Friend/WCFriendHeaderView.xib; sourceTree = "<group>"; };
		4C4077D31DE5627E000B823F /* WCPhotosViewController.swift */ = {isa = PBXFileReference; fileEncoding = 4; lastKnownFileType = sourcecode.swift; path = WCPhotosViewController.swift; sourceTree = "<group>"; };
		4C4077D41DE5627E000B823F /* WCPhotosViewController.xib */ = {isa = PBXFileReference; fileEncoding = 4; lastKnownFileType = file.xib; path = WCPhotosViewController.xib; sourceTree = "<group>"; };
		4C4077D71DE562C7000B823F /* WCAlbumsViewController.swift */ = {isa = PBXFileReference; fileEncoding = 4; lastKnownFileType = sourcecode.swift; path = WCAlbumsViewController.swift; sourceTree = "<group>"; };
		4C4077D81DE562C7000B823F /* WCAlbumsViewController.xib */ = {isa = PBXFileReference; fileEncoding = 4; lastKnownFileType = file.xib; path = WCAlbumsViewController.xib; sourceTree = "<group>"; };
		4C4077DB1DE56DB6000B823F /* WCPhotoCell.swift */ = {isa = PBXFileReference; fileEncoding = 4; lastKnownFileType = sourcecode.swift; path = WCPhotoCell.swift; sourceTree = "<group>"; };
		4C4077DC1DE56DB6000B823F /* WCPhotoCell.xib */ = {isa = PBXFileReference; fileEncoding = 4; lastKnownFileType = file.xib; path = WCPhotoCell.xib; sourceTree = "<group>"; };
		4C4077DF1DE56F4F000B823F /* checked.png */ = {isa = PBXFileReference; lastKnownFileType = image.png; path = checked.png; sourceTree = "<group>"; };
		4C4077E01DE56F4F000B823F /* unchecked.png */ = {isa = PBXFileReference; lastKnownFileType = image.png; path = unchecked.png; sourceTree = "<group>"; };
		4C4077E31DE5750D000B823F /* PictureCell.plist */ = {isa = PBXFileReference; fileEncoding = 4; lastKnownFileType = text.plist.xml; path = PictureCell.plist; sourceTree = "<group>"; };
		4C4077E61DE578E8000B823F /* 00.jpg */ = {isa = PBXFileReference; lastKnownFileType = image.jpeg; path = 00.jpg; sourceTree = "<group>"; };
		4C4077E71DE578E8000B823F /* 01.jpg */ = {isa = PBXFileReference; lastKnownFileType = image.jpeg; path = 01.jpg; sourceTree = "<group>"; };
		4C4077E81DE578E8000B823F /* 10.jpg */ = {isa = PBXFileReference; lastKnownFileType = image.jpeg; path = 10.jpg; sourceTree = "<group>"; };
		4C4077E91DE578E8000B823F /* 11.jpg */ = {isa = PBXFileReference; lastKnownFileType = image.jpeg; path = 11.jpg; sourceTree = "<group>"; };
		4C4077EA1DE578E8000B823F /* 12.jpg */ = {isa = PBXFileReference; lastKnownFileType = image.jpeg; path = 12.jpg; sourceTree = "<group>"; };
		4C4077EB1DE578E8000B823F /* 13.jpg */ = {isa = PBXFileReference; lastKnownFileType = image.jpeg; path = 13.jpg; sourceTree = "<group>"; };
		4C4077EC1DE578E8000B823F /* 14.jpg */ = {isa = PBXFileReference; lastKnownFileType = image.jpeg; path = 14.jpg; sourceTree = "<group>"; };
		4C4077ED1DE578E8000B823F /* 15.jpg */ = {isa = PBXFileReference; lastKnownFileType = image.jpeg; path = 15.jpg; sourceTree = "<group>"; };
		4C4077EE1DE578E8000B823F /* 16.jpg */ = {isa = PBXFileReference; lastKnownFileType = image.jpeg; path = 16.jpg; sourceTree = "<group>"; };
		4C4077EF1DE578E8000B823F /* 17.jpg */ = {isa = PBXFileReference; lastKnownFileType = image.jpeg; path = 17.jpg; sourceTree = "<group>"; };
		4C4077F01DE578E8000B823F /* 18.jpg */ = {isa = PBXFileReference; lastKnownFileType = image.jpeg; path = 18.jpg; sourceTree = "<group>"; };
		4C4077F11DE578E8000B823F /* 19.jpg */ = {isa = PBXFileReference; lastKnownFileType = image.jpeg; path = 19.jpg; sourceTree = "<group>"; };
		4C4077F21DE578E8000B823F /* 02.jpg */ = {isa = PBXFileReference; lastKnownFileType = image.jpeg; path = 02.jpg; sourceTree = "<group>"; };
		4C4077F31DE578E8000B823F /* 20.jpg */ = {isa = PBXFileReference; lastKnownFileType = image.jpeg; path = 20.jpg; sourceTree = "<group>"; };
		4C4077F41DE578E8000B823F /* 21.jpg */ = {isa = PBXFileReference; lastKnownFileType = image.jpeg; path = 21.jpg; sourceTree = "<group>"; };
		4C4077F51DE578E8000B823F /* 22.jpg */ = {isa = PBXFileReference; lastKnownFileType = image.jpeg; path = 22.jpg; sourceTree = "<group>"; };
		4C4077F61DE578E8000B823F /* 23.jpg */ = {isa = PBXFileReference; lastKnownFileType = image.jpeg; path = 23.jpg; sourceTree = "<group>"; };
		4C4077F71DE578E8000B823F /* 03.jpg */ = {isa = PBXFileReference; lastKnownFileType = image.jpeg; path = 03.jpg; sourceTree = "<group>"; };
		4C4077F81DE578E8000B823F /* 04.jpg */ = {isa = PBXFileReference; lastKnownFileType = image.jpeg; path = 04.jpg; sourceTree = "<group>"; };
		4C4077F91DE578E8000B823F /* 05.jpg */ = {isa = PBXFileReference; lastKnownFileType = image.jpeg; path = 05.jpg; sourceTree = "<group>"; };
		4C4077FA1DE578E8000B823F /* 06.jpg */ = {isa = PBXFileReference; lastKnownFileType = image.jpeg; path = 06.jpg; sourceTree = "<group>"; };
		4C4077FB1DE578E8000B823F /* 07.jpg */ = {isa = PBXFileReference; lastKnownFileType = image.jpeg; path = 07.jpg; sourceTree = "<group>"; };
		4C4077FC1DE578E8000B823F /* 08.jpg */ = {isa = PBXFileReference; lastKnownFileType = image.jpeg; path = 08.jpg; sourceTree = "<group>"; };
		4C4077FD1DE578E8000B823F /* 09.jpg */ = {isa = PBXFileReference; lastKnownFileType = image.jpeg; path = 09.jpg; sourceTree = "<group>"; };
		4C4078161DE596A5000B823F /* WCPhotoModel.swift */ = {isa = PBXFileReference; fileEncoding = 4; lastKnownFileType = sourcecode.swift; path = WCPhotoModel.swift; sourceTree = "<group>"; };
		4C4248F91DEC2EF1007345FE /* WCAlertSheet.swift */ = {isa = PBXFileReference; fileEncoding = 4; lastKnownFileType = sourcecode.swift; path = WCAlertSheet.swift; sourceTree = "<group>"; };
		4C4AC8241DDC565300F115CB /* WeChat_Swift.app */ = {isa = PBXFileReference; explicitFileType = wrapper.application; includeInIndex = 0; path = WeChat_Swift.app; sourceTree = BUILT_PRODUCTS_DIR; };
		4C4AC8271DDC565300F115CB /* AppDelegate.swift */ = {isa = PBXFileReference; lastKnownFileType = sourcecode.swift; path = AppDelegate.swift; sourceTree = "<group>"; };
		4C4AC82C1DDC565300F115CB /* Base */ = {isa = PBXFileReference; lastKnownFileType = file.storyboard; name = Base; path = Base.lproj/Main.storyboard; sourceTree = "<group>"; };
		4C4AC82E1DDC565300F115CB /* Assets.xcassets */ = {isa = PBXFileReference; lastKnownFileType = folder.assetcatalog; path = Assets.xcassets; sourceTree = "<group>"; };
		4C4AC8311DDC565300F115CB /* Base */ = {isa = PBXFileReference; lastKnownFileType = file.storyboard; name = Base; path = Base.lproj/LaunchScreen.storyboard; sourceTree = "<group>"; };
		4C4AC8331DDC565300F115CB /* Info.plist */ = {isa = PBXFileReference; lastKnownFileType = text.plist.xml; path = Info.plist; sourceTree = "<group>"; };
		4C4AC84C1DDC5B7F00F115CB /* WCBaseNavController.swift */ = {isa = PBXFileReference; fileEncoding = 4; lastKnownFileType = sourcecode.swift; path = WCBaseNavController.swift; sourceTree = "<group>"; };
		4C4AC84E1DDC5BA100F115CB /* WCBaseTabBarController.swift */ = {isa = PBXFileReference; fileEncoding = 4; lastKnownFileType = sourcecode.swift; path = WCBaseTabBarController.swift; sourceTree = "<group>"; };
		4C4AC8501DDC5BB900F115CB /* WCBaseViewController.swift */ = {isa = PBXFileReference; fileEncoding = 4; lastKnownFileType = sourcecode.swift; path = WCBaseViewController.swift; sourceTree = "<group>"; };
		4C4AC8521DDC5D6300F115CB /* header_icon_add@2x.png */ = {isa = PBXFileReference; lastKnownFileType = image.png; path = "header_icon_add@2x.png"; sourceTree = "<group>"; };
		4C4AC8541DDC5D7000F115CB /* Action_JD_mainMenu@2x.png */ = {isa = PBXFileReference; lastKnownFileType = image.png; path = "Action_JD_mainMenu@2x.png"; sourceTree = "<group>"; };
		4C4AC8551DDC5D7000F115CB /* AlbumAddBtn@2x.png */ = {isa = PBXFileReference; lastKnownFileType = image.png; path = "AlbumAddBtn@2x.png"; sourceTree = "<group>"; };
		4C4AC8561DDC5D7000F115CB /* AlbumComment@2x.png */ = {isa = PBXFileReference; lastKnownFileType = image.png; path = "AlbumComment@2x.png"; sourceTree = "<group>"; };
		4C4AC8571DDC5D7000F115CB /* AlbumComment@3x.png */ = {isa = PBXFileReference; lastKnownFileType = image.png; path = "AlbumComment@3x.png"; sourceTree = "<group>"; };
		4C4AC8581DDC5D7000F115CB /* AlbumLike@2x.png */ = {isa = PBXFileReference; lastKnownFileType = image.png; path = "AlbumLike@2x.png"; sourceTree = "<group>"; };
		4C4AC8591DDC5D7000F115CB /* AlbumLike@3x.png */ = {isa = PBXFileReference; lastKnownFileType = image.png; path = "AlbumLike@3x.png"; sourceTree = "<group>"; };
		4C4AC85A1DDC5D7000F115CB /* AlbumOperateMore@2x.png */ = {isa = PBXFileReference; lastKnownFileType = image.png; path = "AlbumOperateMore@2x.png"; sourceTree = "<group>"; };
		4C4AC85B1DDC5D7000F115CB /* AlbumOperateMore@3x.png */ = {isa = PBXFileReference; lastKnownFileType = image.png; path = "AlbumOperateMore@3x.png"; sourceTree = "<group>"; };
		4C4AC85C1DDC5D7000F115CB /* AlbumOperateMoreHL@2x.png */ = {isa = PBXFileReference; lastKnownFileType = image.png; path = "AlbumOperateMoreHL@2x.png"; sourceTree = "<group>"; };
		4C4AC85D1DDC5D7000F115CB /* AlbumOperateMoreHL@3x.png */ = {isa = PBXFileReference; lastKnownFileType = image.png; path = "AlbumOperateMoreHL@3x.png"; sourceTree = "<group>"; };
		4C4AC85E1DDC5D7000F115CB /* AlbumOperateMoreViewBkg@2x.png */ = {isa = PBXFileReference; lastKnownFileType = image.png; path = "AlbumOperateMoreViewBkg@2x.png"; sourceTree = "<group>"; };
		4C4AC85F1DDC5D7000F115CB /* AlbumReflashIcon@2x.png */ = {isa = PBXFileReference; lastKnownFileType = image.png; path = "AlbumReflashIcon@2x.png"; sourceTree = "<group>"; };
		4C4AC8601DDC5D7000F115CB /* bottleBkg@2x.jpg */ = {isa = PBXFileReference; lastKnownFileType = image.jpeg; path = "bottleBkg@2x.jpg"; sourceTree = "<group>"; };
		4C4AC8611DDC5D7000F115CB /* bottleBkgSpotLight@2x.png */ = {isa = PBXFileReference; lastKnownFileType = image.png; path = "bottleBkgSpotLight@2x.png"; sourceTree = "<group>"; };
		4C4AC8621DDC5D7000F115CB /* bottleBoard.png */ = {isa = PBXFileReference; lastKnownFileType = image.png; path = bottleBoard.png; sourceTree = "<group>"; };
		4C4AC8631DDC5D7000F115CB /* bottleBoard@2x.png */ = {isa = PBXFileReference; lastKnownFileType = image.png; path = "bottleBoard@2x.png"; sourceTree = "<group>"; };
		4C4AC8641DDC5D7000F115CB /* bottleButtonFish.png */ = {isa = PBXFileReference; lastKnownFileType = image.png; path = bottleButtonFish.png; sourceTree = "<group>"; };
		4C4AC8651DDC5D7000F115CB /* bottleButtonFish@2x.png */ = {isa = PBXFileReference; lastKnownFileType = image.png; path = "bottleButtonFish@2x.png"; sourceTree = "<group>"; };
		4C4AC8661DDC5D7000F115CB /* bottleButtonMine.png */ = {isa = PBXFileReference; lastKnownFileType = image.png; path = bottleButtonMine.png; sourceTree = "<group>"; };
		4C4AC8671DDC5D7000F115CB /* bottleButtonMine@2x.png */ = {isa = PBXFileReference; lastKnownFileType = image.png; path = "bottleButtonMine@2x.png"; sourceTree = "<group>"; };
		4C4AC8681DDC5D7000F115CB /* bottleButtonThrow.png */ = {isa = PBXFileReference; lastKnownFileType = image.png; path = bottleButtonThrow.png; sourceTree = "<group>"; };
		4C4AC8691DDC5D7000F115CB /* bottleButtonThrow@2x.png */ = {isa = PBXFileReference; lastKnownFileType = image.png; path = "bottleButtonThrow@2x.png"; sourceTree = "<group>"; };
		4C4AC86A1DDC5D7000F115CB /* bottleNightBkg@2x.jpg */ = {isa = PBXFileReference; lastKnownFileType = image.jpeg; path = "bottleNightBkg@2x.jpg"; sourceTree = "<group>"; };
		4C4AC86B1DDC5D7000F115CB /* bottleRecord@2x.png */ = {isa = PBXFileReference; lastKnownFileType = image.png; path = "bottleRecord@2x.png"; sourceTree = "<group>"; };
		4C4AC86C1DDC5D7000F115CB /* Camera@2x.png */ = {isa = PBXFileReference; lastKnownFileType = image.png; path = "Camera@2x.png"; sourceTree = "<group>"; };
		4C4AC86D1DDC5D7000F115CB /* Camera@3x.png */ = {isa = PBXFileReference; lastKnownFileType = image.png; path = "Camera@3x.png"; sourceTree = "<group>"; };
		4C4AC86E1DDC5D7000F115CB /* CreditCard_ShoppingBag@2x.png */ = {isa = PBXFileReference; lastKnownFileType = image.png; path = "CreditCard_ShoppingBag@2x.png"; sourceTree = "<group>"; };
		4C4AC86F1DDC5D7000F115CB /* ff_IconBottle.png */ = {isa = PBXFileReference; lastKnownFileType = image.png; path = ff_IconBottle.png; sourceTree = "<group>"; };
		4C4AC8701DDC5D7000F115CB /* ff_IconBottle@2x.png */ = {isa = PBXFileReference; lastKnownFileType = image.png; path = "ff_IconBottle@2x.png"; sourceTree = "<group>"; };
		4C4AC8711DDC5D7000F115CB /* ff_IconBottle@3x.png */ = {isa = PBXFileReference; lastKnownFileType = image.png; path = "ff_IconBottle@3x.png"; sourceTree = "<group>"; };
		4C4AC8721DDC5D7000F115CB /* ff_IconLocationService.png */ = {isa = PBXFileReference; lastKnownFileType = image.png; path = ff_IconLocationService.png; sourceTree = "<group>"; };
		4C4AC8731DDC5D7000F115CB /* ff_IconLocationService@2x.png */ = {isa = PBXFileReference; lastKnownFileType = image.png; path = "ff_IconLocationService@2x.png"; sourceTree = "<group>"; };
		4C4AC8741DDC5D7000F115CB /* ff_IconLocationService@3x.png */ = {isa = PBXFileReference; lastKnownFileType = image.png; path = "ff_IconLocationService@3x.png"; sourceTree = "<group>"; };
		4C4AC8751DDC5D7000F115CB /* ff_IconQRCode.png */ = {isa = PBXFileReference; lastKnownFileType = image.png; path = ff_IconQRCode.png; sourceTree = "<group>"; };
		4C4AC8761DDC5D7000F115CB /* ff_IconQRCode@2x.png */ = {isa = PBXFileReference; lastKnownFileType = image.png; path = "ff_IconQRCode@2x.png"; sourceTree = "<group>"; };
		4C4AC8771DDC5D7000F115CB /* ff_IconQRCode@3x.png */ = {isa = PBXFileReference; lastKnownFileType = image.png; path = "ff_IconQRCode@3x.png"; sourceTree = "<group>"; };
		4C4AC8781DDC5D7000F115CB /* ff_IconShake.png */ = {isa = PBXFileReference; lastKnownFileType = image.png; path = ff_IconShake.png; sourceTree = "<group>"; };
		4C4AC8791DDC5D7000F115CB /* ff_IconShake@2x.png */ = {isa = PBXFileReference; lastKnownFileType = image.png; path = "ff_IconShake@2x.png"; sourceTree = "<group>"; };
		4C4AC87A1DDC5D7000F115CB /* ff_IconShake@3x.png */ = {isa = PBXFileReference; lastKnownFileType = image.png; path = "ff_IconShake@3x.png"; sourceTree = "<group>"; };
		4C4AC87B1DDC5D7000F115CB /* ff_IconShowAlbum.png */ = {isa = PBXFileReference; lastKnownFileType = image.png; path = ff_IconShowAlbum.png; sourceTree = "<group>"; };
		4C4AC87C1DDC5D7000F115CB /* ff_IconShowAlbum@2x.png */ = {isa = PBXFileReference; lastKnownFileType = image.png; path = "ff_IconShowAlbum@2x.png"; sourceTree = "<group>"; };
		4C4AC87D1DDC5D7000F115CB /* ff_IconShowAlbum@3x.png */ = {isa = PBXFileReference; lastKnownFileType = image.png; path = "ff_IconShowAlbum@3x.png"; sourceTree = "<group>"; };
		4C4AC87E1DDC5D7000F115CB /* FootStep@2x.png */ = {isa = PBXFileReference; lastKnownFileType = image.png; path = "FootStep@2x.png"; sourceTree = "<group>"; };
		4C4AC87F1DDC5D7000F115CB /* Like@2x.png */ = {isa = PBXFileReference; lastKnownFileType = image.png; path = "Like@2x.png"; sourceTree = "<group>"; };
		4C4AC8801DDC5D7100F115CB /* Like@3x.png */ = {isa = PBXFileReference; lastKnownFileType = image.png; path = "Like@3x.png"; sourceTree = "<group>"; };
		4C4AC8811DDC5D7100F115CB /* LikeCmtBg@2x.png */ = {isa = PBXFileReference; lastKnownFileType = image.png; path = "LikeCmtBg@2x.png"; sourceTree = "<group>"; };
		4C4AC8821DDC5D7100F115CB /* LikeCmtBg@3x.png */ = {isa = PBXFileReference; lastKnownFileType = image.png; path = "LikeCmtBg@3x.png"; sourceTree = "<group>"; };
		4C4AC8831DDC5D7100F115CB /* MoreGame.png */ = {isa = PBXFileReference; lastKnownFileType = image.png; path = MoreGame.png; sourceTree = "<group>"; };
		4C4AC8841DDC5D7100F115CB /* MoreGame@2x.png */ = {isa = PBXFileReference; lastKnownFileType = image.png; path = "MoreGame@2x.png"; sourceTree = "<group>"; };
		4C4AC8851DDC5D7100F115CB /* MoreGame@3x.png */ = {isa = PBXFileReference; lastKnownFileType = image.png; path = "MoreGame@3x.png"; sourceTree = "<group>"; };
		4C4AC8861DDC5D7100F115CB /* Shake_icon_music@2x.png */ = {isa = PBXFileReference; lastKnownFileType = image.png; path = "Shake_icon_music@2x.png"; sourceTree = "<group>"; };
		4C4AC8871DDC5D7100F115CB /* Shake_icon_musicHL@2x.png */ = {isa = PBXFileReference; lastKnownFileType = image.png; path = "Shake_icon_musicHL@2x.png"; sourceTree = "<group>"; };
		4C4AC8881DDC5D7100F115CB /* Shake_icon_people@2x.png */ = {isa = PBXFileReference; lastKnownFileType = image.png; path = "Shake_icon_people@2x.png"; sourceTree = "<group>"; };
		4C4AC8891DDC5D7100F115CB /* Shake_icon_peopleHL@2x.png */ = {isa = PBXFileReference; lastKnownFileType = image.png; path = "Shake_icon_peopleHL@2x.png"; sourceTree = "<group>"; };
		4C4AC88A1DDC5D7100F115CB /* Shake_icon_tv@2x.png */ = {isa = PBXFileReference; lastKnownFileType = image.png; path = "Shake_icon_tv@2x.png"; sourceTree = "<group>"; };
		4C4AC88B1DDC5D7100F115CB /* Shake_icon_tvHL@2x.png */ = {isa = PBXFileReference; lastKnownFileType = image.png; path = "Shake_icon_tvHL@2x.png"; sourceTree = "<group>"; };
		4C4AC88C1DDC5D7100F115CB /* Shake_Line_Down@2x.png */ = {isa = PBXFileReference; lastKnownFileType = image.png; path = "Shake_Line_Down@2x.png"; sourceTree = "<group>"; };
		4C4AC88D1DDC5D7100F115CB /* Shake_Line_Up@2x.png */ = {isa = PBXFileReference; lastKnownFileType = image.png; path = "Shake_Line_Up@2x.png"; sourceTree = "<group>"; };
		4C4AC88E1DDC5D7100F115CB /* Shake_Logo_Down@2x.png */ = {isa = PBXFileReference; lastKnownFileType = image.png; path = "Shake_Logo_Down@2x.png"; sourceTree = "<group>"; };
		4C4AC88F1DDC5D7100F115CB /* Shake_Logo_Up@2x.png */ = {isa = PBXFileReference; lastKnownFileType = image.png; path = "Shake_Logo_Up@2x.png"; sourceTree = "<group>"; };
		4C4AC8901DDC5D7100F115CB /* ShakeHideImg_women@2x.png */ = {isa = PBXFileReference; lastKnownFileType = image.png; path = "ShakeHideImg_women@2x.png"; sourceTree = "<group>"; };
		4C4AC8CE1DDC5D8500F115CB /* barbuttonicon_set.png */ = {isa = PBXFileReference; lastKnownFileType = image.png; path = barbuttonicon_set.png; sourceTree = "<group>"; };
		4C4AC8CF1DDC5D8500F115CB /* barbuttonicon_set@2x.png */ = {isa = PBXFileReference; lastKnownFileType = image.png; path = "barbuttonicon_set@2x.png"; sourceTree = "<group>"; };
		4C4AC8D01DDC5D8500F115CB /* barbuttonicon_set@3x.png */ = {isa = PBXFileReference; lastKnownFileType = image.png; path = "barbuttonicon_set@3x.png"; sourceTree = "<group>"; };
		4C4AC8D11DDC5D8500F115CB /* MoreExpressionShops.png */ = {isa = PBXFileReference; lastKnownFileType = image.png; path = MoreExpressionShops.png; sourceTree = "<group>"; };
		4C4AC8D21DDC5D8500F115CB /* MoreExpressionShops@2x.png */ = {isa = PBXFileReference; lastKnownFileType = image.png; path = "MoreExpressionShops@2x.png"; sourceTree = "<group>"; };
		4C4AC8D31DDC5D8500F115CB /* MoreExpressionShops@3x.png */ = {isa = PBXFileReference; lastKnownFileType = image.png; path = "MoreExpressionShops@3x.png"; sourceTree = "<group>"; };
		4C4AC8D41DDC5D8500F115CB /* MoreMyAlbum.png */ = {isa = PBXFileReference; lastKnownFileType = image.png; path = MoreMyAlbum.png; sourceTree = "<group>"; };
		4C4AC8D51DDC5D8500F115CB /* MoreMyAlbum@2x.png */ = {isa = PBXFileReference; lastKnownFileType = image.png; path = "MoreMyAlbum@2x.png"; sourceTree = "<group>"; };
		4C4AC8D61DDC5D8500F115CB /* MoreMyAlbum@3x.png */ = {isa = PBXFileReference; lastKnownFileType = image.png; path = "MoreMyAlbum@3x.png"; sourceTree = "<group>"; };
		4C4AC8D71DDC5D8500F115CB /* MoreMyBankCard.png */ = {isa = PBXFileReference; lastKnownFileType = image.png; path = MoreMyBankCard.png; sourceTree = "<group>"; };
		4C4AC8D81DDC5D8500F115CB /* MoreMyBankCard@2x.png */ = {isa = PBXFileReference; lastKnownFileType = image.png; path = "MoreMyBankCard@2x.png"; sourceTree = "<group>"; };
		4C4AC8D91DDC5D8500F115CB /* MoreMyBankCard@3x.png */ = {isa = PBXFileReference; lastKnownFileType = image.png; path = "MoreMyBankCard@3x.png"; sourceTree = "<group>"; };
		4C4AC8DA1DDC5D8500F115CB /* MoreMyFavorites.png */ = {isa = PBXFileReference; lastKnownFileType = image.png; path = MoreMyFavorites.png; sourceTree = "<group>"; };
		4C4AC8DB1DDC5D8500F115CB /* MoreMyFavorites@2x.png */ = {isa = PBXFileReference; lastKnownFileType = image.png; path = "MoreMyFavorites@2x.png"; sourceTree = "<group>"; };
		4C4AC8DC1DDC5D8500F115CB /* MoreMyFavorites@3x.png */ = {isa = PBXFileReference; lastKnownFileType = image.png; path = "MoreMyFavorites@3x.png"; sourceTree = "<group>"; };
		4C4AC8DD1DDC5D8500F115CB /* MoreSetting@2x.png */ = {isa = PBXFileReference; lastKnownFileType = image.png; path = "MoreSetting@2x.png"; sourceTree = "<group>"; };
		4C4AC8DE1DDC5D8500F115CB /* MoreSetting@3x.png */ = {isa = PBXFileReference; lastKnownFileType = image.png; path = "MoreSetting@3x.png"; sourceTree = "<group>"; };
		4C4AC8DF1DDC5D8500F115CB /* my.png */ = {isa = PBXFileReference; lastKnownFileType = image.png; path = my.png; sourceTree = "<group>"; };
		4C4AC8E01DDC5D8500F115CB /* MyCardPackageIcon@2x.png */ = {isa = PBXFileReference; lastKnownFileType = image.png; path = "MyCardPackageIcon@2x.png"; sourceTree = "<group>"; };
		4C4AC8E11DDC5D8500F115CB /* ProfileLockOn@2x.png */ = {isa = PBXFileReference; lastKnownFileType = image.png; path = "ProfileLockOn@2x.png"; sourceTree = "<group>"; };
		4C4AC8E21DDC5D8500F115CB /* ProfileLockOn@3x.png */ = {isa = PBXFileReference; lastKnownFileType = image.png; path = "ProfileLockOn@3x.png"; sourceTree = "<group>"; };
		4C4AC8E31DDC5D8500F115CB /* xhr.png */ = {isa = PBXFileReference; lastKnownFileType = image.png; path = xhr.png; sourceTree = "<group>"; };
		4C4AC8FA1DDC5D9E00F115CB /* tabbar_contacts@2x.png */ = {isa = PBXFileReference; lastKnownFileType = image.png; path = "tabbar_contacts@2x.png"; sourceTree = "<group>"; };
		4C4AC8FB1DDC5D9E00F115CB /* tabbar_contactsHL@2x.png */ = {isa = PBXFileReference; lastKnownFileType = image.png; path = "tabbar_contactsHL@2x.png"; sourceTree = "<group>"; };
		4C4AC8FC1DDC5D9E00F115CB /* tabbar_discover@2x.png */ = {isa = PBXFileReference; lastKnownFileType = image.png; path = "tabbar_discover@2x.png"; sourceTree = "<group>"; };
		4C4AC8FD1DDC5D9E00F115CB /* tabbar_discoverHL@2x.png */ = {isa = PBXFileReference; lastKnownFileType = image.png; path = "tabbar_discoverHL@2x.png"; sourceTree = "<group>"; };
		4C4AC8FE1DDC5D9E00F115CB /* tabbar_mainframe@2x.png */ = {isa = PBXFileReference; lastKnownFileType = image.png; path = "tabbar_mainframe@2x.png"; sourceTree = "<group>"; };
		4C4AC8FF1DDC5D9E00F115CB /* tabbar_mainframeHL@2x.png */ = {isa = PBXFileReference; lastKnownFileType = image.png; path = "tabbar_mainframeHL@2x.png"; sourceTree = "<group>"; };
		4C4AC9001DDC5D9E00F115CB /* tabbar_me@2x.png */ = {isa = PBXFileReference; lastKnownFileType = image.png; path = "tabbar_me@2x.png"; sourceTree = "<group>"; };
		4C4AC9011DDC5D9E00F115CB /* tabbar_meHL@2x.png */ = {isa = PBXFileReference; lastKnownFileType = image.png; path = "tabbar_meHL@2x.png"; sourceTree = "<group>"; };
		4C4AC90A1DDC5E1000F115CB /* Dimensional-_Code_Bg@2x.png */ = {isa = PBXFileReference; lastKnownFileType = image.png; path = "Dimensional-_Code_Bg@2x.png"; sourceTree = "<group>"; };
		4C4AC90C1DDC62D600F115CB /* WCHomeNavController.swift */ = {isa = PBXFileReference; fileEncoding = 4; lastKnownFileType = sourcecode.swift; path = WCHomeNavController.swift; sourceTree = "<group>"; };
		4C4AC90E1DDC62F000F115CB /* WCHomeViewController.swift */ = {isa = PBXFileReference; fileEncoding = 4; lastKnownFileType = sourcecode.swift; path = WCHomeViewController.swift; sourceTree = "<group>"; };
		4C4AC90F1DDC62F000F115CB /* WCHomeViewController.xib */ = {isa = PBXFileReference; fileEncoding = 4; lastKnownFileType = file.xib; path = WCHomeViewController.xib; sourceTree = "<group>"; };
		4C4AC9121DDC634B00F115CB /* WCContactViewController.swift */ = {isa = PBXFileReference; fileEncoding = 4; lastKnownFileType = sourcecode.swift; path = WCContactViewController.swift; sourceTree = "<group>"; };
		4C4AC9131DDC634B00F115CB /* WCContactViewController.xib */ = {isa = PBXFileReference; fileEncoding = 4; lastKnownFileType = file.xib; path = WCContactViewController.xib; sourceTree = "<group>"; };
		4C4AC9161DDC636100F115CB /* WCDiscoverViewController.swift */ = {isa = PBXFileReference; fileEncoding = 4; lastKnownFileType = sourcecode.swift; path = WCDiscoverViewController.swift; sourceTree = "<group>"; };
		4C4AC9171DDC636100F115CB /* WCDiscoverViewController.xib */ = {isa = PBXFileReference; fileEncoding = 4; lastKnownFileType = file.xib; path = WCDiscoverViewController.xib; sourceTree = "<group>"; };
		4C4AC91A1DDC637000F115CB /* WCMyViewController.swift */ = {isa = PBXFileReference; fileEncoding = 4; lastKnownFileType = sourcecode.swift; path = WCMyViewController.swift; sourceTree = "<group>"; };
		4C4AC91B1DDC637000F115CB /* WCMyViewController.xib */ = {isa = PBXFileReference; fileEncoding = 4; lastKnownFileType = file.xib; path = WCMyViewController.xib; sourceTree = "<group>"; };
		4C4AC91E1DDC638D00F115CB /* WCContactNavController.swift */ = {isa = PBXFileReference; fileEncoding = 4; lastKnownFileType = sourcecode.swift; path = WCContactNavController.swift; sourceTree = "<group>"; };
		4C4AC9201DDC63A100F115CB /* WCDiscoverNavController.swift */ = {isa = PBXFileReference; fileEncoding = 4; lastKnownFileType = sourcecode.swift; path = WCDiscoverNavController.swift; sourceTree = "<group>"; };
		4C4AC9221DDC63B900F115CB /* WCMyNavController.swift */ = {isa = PBXFileReference; fileEncoding = 4; lastKnownFileType = sourcecode.swift; path = WCMyNavController.swift; sourceTree = "<group>"; };
		4C4AC9241DDC6C1700F115CB /* WCHomeViewCell.swift */ = {isa = PBXFileReference; fileEncoding = 4; lastKnownFileType = sourcecode.swift; path = WCHomeViewCell.swift; sourceTree = "<group>"; };
		4C4AC9251DDC6C1700F115CB /* WCHomeViewCell.xib */ = {isa = PBXFileReference; fileEncoding = 4; lastKnownFileType = file.xib; path = WCHomeViewCell.xib; sourceTree = "<group>"; };
		4C4AC92D1DDD5D9800F115CB /* WCSearchResultViewController.swift */ = {isa = PBXFileReference; fileEncoding = 4; lastKnownFileType = sourcecode.swift; path = WCSearchResultViewController.swift; sourceTree = "<group>"; };
		4C4AC92E1DDD5D9800F115CB /* WCSearchResultViewController.xib */ = {isa = PBXFileReference; fileEncoding = 4; lastKnownFileType = file.xib; path = WCSearchResultViewController.xib; sourceTree = "<group>"; };
		4C707F201DE2ECD8005389FF /* pbg.jpg */ = {isa = PBXFileReference; lastKnownFileType = image.jpeg; path = pbg.jpg; sourceTree = "<group>"; };
		4C707F221DE2ED12005389FF /* angel.jpg */ = {isa = PBXFileReference; lastKnownFileType = image.jpeg; path = angel.jpg; sourceTree = "<group>"; };
		4C707F241DE2F492005389FF /* activity.png */ = {isa = PBXFileReference; lastKnownFileType = image.png; path = activity.png; sourceTree = "<group>"; };
		4C89AFD31DEBFDD700A94D45 /* WCConfig.swift */ = {isa = PBXFileReference; fileEncoding = 4; lastKnownFileType = sourcecode.swift; path = WCConfig.swift; sourceTree = "<group>"; };
		4CCD8E4A1DDD960000EC2686 /* WCDiscoverContents.plist */ = {isa = PBXFileReference; fileEncoding = 4; lastKnownFileType = text.plist.xml; path = WCDiscoverContents.plist; sourceTree = "<group>"; };
		4CCD8E5B1DDDAD7E00EC2686 /* WCMessageViewController.swift */ = {isa = PBXFileReference; fileEncoding = 4; lastKnownFileType = sourcecode.swift; name = WCMessageViewController.swift; path = Message/WCMessageViewController.swift; sourceTree = "<group>"; };
		4CCD8E5C1DDDAD7E00EC2686 /* WCMessageViewController.xib */ = {isa = PBXFileReference; fileEncoding = 4; lastKnownFileType = file.xib; name = WCMessageViewController.xib; path = Message/WCMessageViewController.xib; sourceTree = "<group>"; };
		4CCD8E5F1DDDAD8B00EC2686 /* WCUserInfoViewController.swift */ = {isa = PBXFileReference; fileEncoding = 4; lastKnownFileType = sourcecode.swift; name = WCUserInfoViewController.swift; path = Detail/WCUserInfoViewController.swift; sourceTree = "<group>"; };
		4CCD8E601DDDAD8B00EC2686 /* WCUserInfoViewController.xib */ = {isa = PBXFileReference; fileEncoding = 4; lastKnownFileType = file.xib; name = WCUserInfoViewController.xib; path = Detail/WCUserInfoViewController.xib; sourceTree = "<group>"; };
		4CCD8E631DDDADA000EC2686 /* WCFriendViewController.swift */ = {isa = PBXFileReference; fileEncoding = 4; lastKnownFileType = sourcecode.swift; name = WCFriendViewController.swift; path = Friend/WCFriendViewController.swift; sourceTree = "<group>"; };
		4CCD8E641DDDADA000EC2686 /* WCFriendViewController.xib */ = {isa = PBXFileReference; fileEncoding = 4; lastKnownFileType = file.xib; name = WCFriendViewController.xib; path = Friend/WCFriendViewController.xib; sourceTree = "<group>"; };
		4CCD8E671DDDADB900EC2686 /* WCQRCodeViewController.swift */ = {isa = PBXFileReference; fileEncoding = 4; lastKnownFileType = sourcecode.swift; name = WCQRCodeViewController.swift; path = QRCode/WCQRCodeViewController.swift; sourceTree = "<group>"; };
		4CCD8E681DDDADB900EC2686 /* WCQRCodeViewController.xib */ = {isa = PBXFileReference; fileEncoding = 4; lastKnownFileType = file.xib; name = WCQRCodeViewController.xib; path = QRCode/WCQRCodeViewController.xib; sourceTree = "<group>"; };
		4CCD8E6B1DDDADC900EC2686 /* WCShakeViewController.swift */ = {isa = PBXFileReference; fileEncoding = 4; lastKnownFileType = sourcecode.swift; name = WCShakeViewController.swift; path = Shake/WCShakeViewController.swift; sourceTree = "<group>"; };
		4CCD8E6C1DDDADC900EC2686 /* WCShakeViewController.xib */ = {isa = PBXFileReference; fileEncoding = 4; lastKnownFileType = file.xib; name = WCShakeViewController.xib; path = Shake/WCShakeViewController.xib; sourceTree = "<group>"; };
		4CD288E31DED31DC00E3D37A /* UIView+Addition.swift */ = {isa = PBXFileReference; fileEncoding = 4; lastKnownFileType = sourcecode.swift; path = "UIView+Addition.swift"; sourceTree = "<group>"; };
/* End PBXFileReference section */

/* Begin PBXFrameworksBuildPhase section */
		4C4AC8211DDC565300F115CB /* Frameworks */ = {
			isa = PBXFrameworksBuildPhase;
			buildActionMask = 2147483647;
			files = (
			);
			runOnlyForDeploymentPostprocessing = 0;
		};
/* End PBXFrameworksBuildPhase section */

/* Begin PBXGroup section */
		4C1993F41DE5A0C1009F6078 /* publish */ = {
			isa = PBXGroup;
			children = (
				4C1993F51DE5A0EF009F6078 /* WCPublishViewController.swift */,
				4C1993F61DE5A0EF009F6078 /* WCPublishViewController.xib */,
				4C1993F91DE68CF1009F6078 /* WCPublishHeaderView.swift */,
				4C1993FB1DE68D07009F6078 /* WCPublishHeaderView.xib */,
			);
			name = publish;
			path = Friend/publish;
			sourceTree = "<group>";
		};
		4C4077D21DE56237000B823F /* Album */ = {
			isa = PBXGroup;
			children = (
				4C4077D71DE562C7000B823F /* WCAlbumsViewController.swift */,
				4C4077D81DE562C7000B823F /* WCAlbumsViewController.xib */,
				4C4077D31DE5627E000B823F /* WCPhotosViewController.swift */,
				4C4077D41DE5627E000B823F /* WCPhotosViewController.xib */,
				4C4077DB1DE56DB6000B823F /* WCPhotoCell.swift */,
				4C4077DC1DE56DB6000B823F /* WCPhotoCell.xib */,
				4C4077E31DE5750D000B823F /* PictureCell.plist */,
				4C4078161DE596A5000B823F /* WCPhotoModel.swift */,
			);
			name = Album;
			path = Friend/Album;
			sourceTree = "<group>";
		};
		4C4077E51DE578DE000B823F /* CollectionPic */ = {
			isa = PBXGroup;
			children = (
				4C4077E61DE578E8000B823F /* 00.jpg */,
				4C4077E71DE578E8000B823F /* 01.jpg */,
				4C4077E81DE578E8000B823F /* 10.jpg */,
				4C4077E91DE578E8000B823F /* 11.jpg */,
				4C4077EA1DE578E8000B823F /* 12.jpg */,
				4C4077EB1DE578E8000B823F /* 13.jpg */,
				4C4077EC1DE578E8000B823F /* 14.jpg */,
				4C4077ED1DE578E8000B823F /* 15.jpg */,
				4C4077EE1DE578E8000B823F /* 16.jpg */,
				4C4077EF1DE578E8000B823F /* 17.jpg */,
				4C4077F01DE578E8000B823F /* 18.jpg */,
				4C4077F11DE578E8000B823F /* 19.jpg */,
				4C4077F21DE578E8000B823F /* 02.jpg */,
				4C4077F31DE578E8000B823F /* 20.jpg */,
				4C4077F41DE578E8000B823F /* 21.jpg */,
				4C4077F51DE578E8000B823F /* 22.jpg */,
				4C4077F61DE578E8000B823F /* 23.jpg */,
				4C4077F71DE578E8000B823F /* 03.jpg */,
				4C4077F81DE578E8000B823F /* 04.jpg */,
				4C4077F91DE578E8000B823F /* 05.jpg */,
				4C4077FA1DE578E8000B823F /* 06.jpg */,
				4C4077FB1DE578E8000B823F /* 07.jpg */,
				4C4077FC1DE578E8000B823F /* 08.jpg */,
				4C4077FD1DE578E8000B823F /* 09.jpg */,
			);
			path = CollectionPic;
			sourceTree = "<group>";
		};
		4C4248F71DEC2EB6007345FE /* WCCommon */ = {
			isa = PBXGroup;
			children = (
				4CD288DC1DED2C4500E3D37A /* Extension */,
				4C4248F81DEC2EC7007345FE /* WCAlertController */,
			);
			name = WCCommon;
			sourceTree = "<group>";
		};
		4C4248F81DEC2EC7007345FE /* WCAlertController */ = {
			isa = PBXGroup;
			children = (
				4C4248F91DEC2EF1007345FE /* WCAlertSheet.swift */,
			);
			name = WCAlertController;
			sourceTree = "<group>";
		};
		4C4AC81B1DDC565300F115CB = {
			isa = PBXGroup;
			children = (
				4C4AC8261DDC565300F115CB /* WeChat_Swift */,
				4C4AC8251DDC565300F115CB /* Products */,
			);
			sourceTree = "<group>";
		};
		4C4AC8251DDC565300F115CB /* Products */ = {
			isa = PBXGroup;
			children = (
				4C4AC8241DDC565300F115CB /* WeChat_Swift.app */,
			);
			name = Products;
			sourceTree = "<group>";
		};
		4C4AC8261DDC565300F115CB /* WeChat_Swift */ = {
			isa = PBXGroup;
			children = (
				4C4AC8271DDC565300F115CB /* AppDelegate.swift */,
				4C4AC83E1DDC5A3000F115CB /* Classes */,
				4C4AC8441DDC5A3000F115CB /* Resources */,
				4C4AC84B1DDC5A3000F115CB /* Vendors */,
				4C89AFD21DEBFD1A00A94D45 /* Other */,
				4C4AC82B1DDC565300F115CB /* Main.storyboard */,
				4C4AC82E1DDC565300F115CB /* Assets.xcassets */,
				4C4AC8301DDC565300F115CB /* LaunchScreen.storyboard */,
				4C4AC8331DDC565300F115CB /* Info.plist */,
			);
			path = WeChat_Swift;
			sourceTree = "<group>";
		};
		4C4AC83E1DDC5A3000F115CB /* Classes */ = {
			isa = PBXGroup;
			children = (
				4C4248F71DEC2EB6007345FE /* WCCommon */,
				4C4AC8421DDC5A3000F115CB /* Main */,
				4C4AC8411DDC5A3000F115CB /* Home */,
				4C4AC83F1DDC5A3000F115CB /* Contact */,
				4C4AC8401DDC5A3000F115CB /* Discover */,
				4C4AC8431DDC5A3000F115CB /* My */,
			);
			path = Classes;
			sourceTree = "<group>";
		};
		4C4AC83F1DDC5A3000F115CB /* Contact */ = {
			isa = PBXGroup;
			children = (
				4C4AC91E1DDC638D00F115CB /* WCContactNavController.swift */,
				4C4AC9121DDC634B00F115CB /* WCContactViewController.swift */,
				4C4AC9131DDC634B00F115CB /* WCContactViewController.xib */,
				4C4AC92D1DDD5D9800F115CB /* WCSearchResultViewController.swift */,
				4C4AC92E1DDD5D9800F115CB /* WCSearchResultViewController.xib */,
				4CCD8E451DDD90E500EC2686 /* Detail */,
			);
			path = Contact;
			sourceTree = "<group>";
		};
		4C4AC8401DDC5A3000F115CB /* Discover */ = {
			isa = PBXGroup;
			children = (
				4C4AC9201DDC63A100F115CB /* WCDiscoverNavController.swift */,
				4C4AC9161DDC636100F115CB /* WCDiscoverViewController.swift */,
				4C4AC9171DDC636100F115CB /* WCDiscoverViewController.xib */,
				4CCD8E4A1DDD960000EC2686 /* WCDiscoverContents.plist */,
				4CCD8E581DDDAC3F00EC2686 /* Friend */,
				4CCD8E591DDDAC5300EC2686 /* QRCode */,
				4CCD8E5A1DDDAC5D00EC2686 /* Shake */,
			);
			path = Discover;
			sourceTree = "<group>";
		};
		4C4AC8411DDC5A3000F115CB /* Home */ = {
			isa = PBXGroup;
			children = (
				4C4AC90C1DDC62D600F115CB /* WCHomeNavController.swift */,
				4C4AC90E1DDC62F000F115CB /* WCHomeViewController.swift */,
				4C4AC90F1DDC62F000F115CB /* WCHomeViewController.xib */,
				4C4AC9241DDC6C1700F115CB /* WCHomeViewCell.swift */,
				4C4AC9251DDC6C1700F115CB /* WCHomeViewCell.xib */,
				4C4AC9281DDD452E00F115CB /* Message */,
			);
			path = Home;
			sourceTree = "<group>";
		};
		4C4AC8421DDC5A3000F115CB /* Main */ = {
			isa = PBXGroup;
			children = (
				4C4AC84E1DDC5BA100F115CB /* WCBaseTabBarController.swift */,
				4C4AC84C1DDC5B7F00F115CB /* WCBaseNavController.swift */,
				4C4AC8501DDC5BB900F115CB /* WCBaseViewController.swift */,
			);
			path = Main;
			sourceTree = "<group>";
		};
		4C4AC8431DDC5A3000F115CB /* My */ = {
			isa = PBXGroup;
			children = (
				4C4AC9221DDC63B900F115CB /* WCMyNavController.swift */,
				4C4AC91A1DDC637000F115CB /* WCMyViewController.swift */,
				4C4AC91B1DDC637000F115CB /* WCMyViewController.xib */,
			);
			path = My;
			sourceTree = "<group>";
		};
		4C4AC8441DDC5A3000F115CB /* Resources */ = {
			isa = PBXGroup;
			children = (
				4C4AC8451DDC5A3000F115CB /* Images */,
			);
			path = Resources;
			sourceTree = "<group>";
		};
		4C4AC8451DDC5A3000F115CB /* Images */ = {
			isa = PBXGroup;
			children = (
				4C4077E51DE578DE000B823F /* CollectionPic */,
				4C4AC8461DDC5A3000F115CB /* Contact */,
				4C4AC8471DDC5A3000F115CB /* Discover */,
				4C4AC8481DDC5A3000F115CB /* Home */,
				4C4AC8491DDC5A3000F115CB /* My */,
				4C4AC84A1DDC5A3000F115CB /* Pub */,
			);
			path = Images;
			sourceTree = "<group>";
		};
		4C4AC8461DDC5A3000F115CB /* Contact */ = {
			isa = PBXGroup;
			children = (
				4C4AC8521DDC5D6300F115CB /* header_icon_add@2x.png */,
			);
			path = Contact;
			sourceTree = "<group>";
		};
		4C4AC8471DDC5A3000F115CB /* Discover */ = {
			isa = PBXGroup;
			children = (
				4C4077DF1DE56F4F000B823F /* checked.png */,
				4C4077E01DE56F4F000B823F /* unchecked.png */,
				4C707F241DE2F492005389FF /* activity.png */,
				4C707F221DE2ED12005389FF /* angel.jpg */,
				4C707F201DE2ECD8005389FF /* pbg.jpg */,
				4C4AC8541DDC5D7000F115CB /* Action_JD_mainMenu@2x.png */,
				4C4AC8551DDC5D7000F115CB /* AlbumAddBtn@2x.png */,
				4C4AC8561DDC5D7000F115CB /* AlbumComment@2x.png */,
				4C4AC8571DDC5D7000F115CB /* AlbumComment@3x.png */,
				4C4AC8581DDC5D7000F115CB /* AlbumLike@2x.png */,
				4C4AC8591DDC5D7000F115CB /* AlbumLike@3x.png */,
				4C4AC85A1DDC5D7000F115CB /* AlbumOperateMore@2x.png */,
				4C4AC85B1DDC5D7000F115CB /* AlbumOperateMore@3x.png */,
				4C4AC85C1DDC5D7000F115CB /* AlbumOperateMoreHL@2x.png */,
				4C4AC85D1DDC5D7000F115CB /* AlbumOperateMoreHL@3x.png */,
				4C4AC85E1DDC5D7000F115CB /* AlbumOperateMoreViewBkg@2x.png */,
				4C4AC85F1DDC5D7000F115CB /* AlbumReflashIcon@2x.png */,
				4C4AC8601DDC5D7000F115CB /* bottleBkg@2x.jpg */,
				4C4AC8611DDC5D7000F115CB /* bottleBkgSpotLight@2x.png */,
				4C4AC8621DDC5D7000F115CB /* bottleBoard.png */,
				4C4AC8631DDC5D7000F115CB /* bottleBoard@2x.png */,
				4C4AC8641DDC5D7000F115CB /* bottleButtonFish.png */,
				4C4AC8651DDC5D7000F115CB /* bottleButtonFish@2x.png */,
				4C4AC8661DDC5D7000F115CB /* bottleButtonMine.png */,
				4C4AC8671DDC5D7000F115CB /* bottleButtonMine@2x.png */,
				4C4AC8681DDC5D7000F115CB /* bottleButtonThrow.png */,
				4C4AC8691DDC5D7000F115CB /* bottleButtonThrow@2x.png */,
				4C4AC86A1DDC5D7000F115CB /* bottleNightBkg@2x.jpg */,
				4C4AC86B1DDC5D7000F115CB /* bottleRecord@2x.png */,
				4C4AC86C1DDC5D7000F115CB /* Camera@2x.png */,
				4C4AC86D1DDC5D7000F115CB /* Camera@3x.png */,
				4C4AC86E1DDC5D7000F115CB /* CreditCard_ShoppingBag@2x.png */,
				4C4AC86F1DDC5D7000F115CB /* ff_IconBottle.png */,
				4C4AC8701DDC5D7000F115CB /* ff_IconBottle@2x.png */,
				4C4AC8711DDC5D7000F115CB /* ff_IconBottle@3x.png */,
				4C4AC8721DDC5D7000F115CB /* ff_IconLocationService.png */,
				4C4AC8731DDC5D7000F115CB /* ff_IconLocationService@2x.png */,
				4C4AC8741DDC5D7000F115CB /* ff_IconLocationService@3x.png */,
				4C4AC8751DDC5D7000F115CB /* ff_IconQRCode.png */,
				4C4AC8761DDC5D7000F115CB /* ff_IconQRCode@2x.png */,
				4C4AC8771DDC5D7000F115CB /* ff_IconQRCode@3x.png */,
				4C4AC8781DDC5D7000F115CB /* ff_IconShake.png */,
				4C4AC8791DDC5D7000F115CB /* ff_IconShake@2x.png */,
				4C4AC87A1DDC5D7000F115CB /* ff_IconShake@3x.png */,
				4C4AC87B1DDC5D7000F115CB /* ff_IconShowAlbum.png */,
				4C4AC87C1DDC5D7000F115CB /* ff_IconShowAlbum@2x.png */,
				4C4AC87D1DDC5D7000F115CB /* ff_IconShowAlbum@3x.png */,
				4C4AC87E1DDC5D7000F115CB /* FootStep@2x.png */,
				4C4AC87F1DDC5D7000F115CB /* Like@2x.png */,
				4C4AC8801DDC5D7100F115CB /* Like@3x.png */,
				4C4AC8811DDC5D7100F115CB /* LikeCmtBg@2x.png */,
				4C4AC8821DDC5D7100F115CB /* LikeCmtBg@3x.png */,
				4C4AC8831DDC5D7100F115CB /* MoreGame.png */,
				4C4AC8841DDC5D7100F115CB /* MoreGame@2x.png */,
				4C4AC8851DDC5D7100F115CB /* MoreGame@3x.png */,
				4C4AC8861DDC5D7100F115CB /* Shake_icon_music@2x.png */,
				4C4AC8871DDC5D7100F115CB /* Shake_icon_musicHL@2x.png */,
				4C4AC8881DDC5D7100F115CB /* Shake_icon_people@2x.png */,
				4C4AC8891DDC5D7100F115CB /* Shake_icon_peopleHL@2x.png */,
				4C4AC88A1DDC5D7100F115CB /* Shake_icon_tv@2x.png */,
				4C4AC88B1DDC5D7100F115CB /* Shake_icon_tvHL@2x.png */,
				4C4AC88C1DDC5D7100F115CB /* Shake_Line_Down@2x.png */,
				4C4AC88D1DDC5D7100F115CB /* Shake_Line_Up@2x.png */,
				4C4AC88E1DDC5D7100F115CB /* Shake_Logo_Down@2x.png */,
				4C4AC88F1DDC5D7100F115CB /* Shake_Logo_Up@2x.png */,
				4C4AC8901DDC5D7100F115CB /* ShakeHideImg_women@2x.png */,
			);
			path = Discover;
			sourceTree = "<group>";
		};
		4C4AC8481DDC5A3000F115CB /* Home */ = {
			isa = PBXGroup;
			children = (
			);
			path = Home;
			sourceTree = "<group>";
		};
		4C4AC8491DDC5A3000F115CB /* My */ = {
			isa = PBXGroup;
			children = (
				4C4AC8CE1DDC5D8500F115CB /* barbuttonicon_set.png */,
				4C4AC8CF1DDC5D8500F115CB /* barbuttonicon_set@2x.png */,
				4C4AC8D01DDC5D8500F115CB /* barbuttonicon_set@3x.png */,
				4C4AC8D11DDC5D8500F115CB /* MoreExpressionShops.png */,
				4C4AC8D21DDC5D8500F115CB /* MoreExpressionShops@2x.png */,
				4C4AC8D31DDC5D8500F115CB /* MoreExpressionShops@3x.png */,
				4C4AC8D41DDC5D8500F115CB /* MoreMyAlbum.png */,
				4C4AC8D51DDC5D8500F115CB /* MoreMyAlbum@2x.png */,
				4C4AC8D61DDC5D8500F115CB /* MoreMyAlbum@3x.png */,
				4C4AC8D71DDC5D8500F115CB /* MoreMyBankCard.png */,
				4C4AC8D81DDC5D8500F115CB /* MoreMyBankCard@2x.png */,
				4C4AC8D91DDC5D8500F115CB /* MoreMyBankCard@3x.png */,
				4C4AC8DA1DDC5D8500F115CB /* MoreMyFavorites.png */,
				4C4AC8DB1DDC5D8500F115CB /* MoreMyFavorites@2x.png */,
				4C4AC8DC1DDC5D8500F115CB /* MoreMyFavorites@3x.png */,
				4C4AC8DD1DDC5D8500F115CB /* MoreSetting@2x.png */,
				4C4AC8DE1DDC5D8500F115CB /* MoreSetting@3x.png */,
				4C4AC8DF1DDC5D8500F115CB /* my.png */,
				4C4AC8E01DDC5D8500F115CB /* MyCardPackageIcon@2x.png */,
				4C4AC8E11DDC5D8500F115CB /* ProfileLockOn@2x.png */,
				4C4AC8E21DDC5D8500F115CB /* ProfileLockOn@3x.png */,
				4C4AC8E31DDC5D8500F115CB /* xhr.png */,
			);
			path = My;
			sourceTree = "<group>";
		};
		4C4AC84A1DDC5A3000F115CB /* Pub */ = {
			isa = PBXGroup;
			children = (
				4C4AC90A1DDC5E1000F115CB /* Dimensional-_Code_Bg@2x.png */,
				4C4AC8FA1DDC5D9E00F115CB /* tabbar_contacts@2x.png */,
				4C4AC8FB1DDC5D9E00F115CB /* tabbar_contactsHL@2x.png */,
				4C4AC8FC1DDC5D9E00F115CB /* tabbar_discover@2x.png */,
				4C4AC8FD1DDC5D9E00F115CB /* tabbar_discoverHL@2x.png */,
				4C4AC8FE1DDC5D9E00F115CB /* tabbar_mainframe@2x.png */,
				4C4AC8FF1DDC5D9E00F115CB /* tabbar_mainframeHL@2x.png */,
				4C4AC9001DDC5D9E00F115CB /* tabbar_me@2x.png */,
				4C4AC9011DDC5D9E00F115CB /* tabbar_meHL@2x.png */,
			);
			path = Pub;
			sourceTree = "<group>";
		};
		4C4AC84B1DDC5A3000F115CB /* Vendors */ = {
			isa = PBXGroup;
			children = (
			);
			path = Vendors;
			sourceTree = "<group>";
		};
		4C4AC9281DDD452E00F115CB /* Message */ = {
			isa = PBXGroup;
			children = (
				4CCD8E5B1DDDAD7E00EC2686 /* WCMessageViewController.swift */,
				4CCD8E5C1DDDAD7E00EC2686 /* WCMessageViewController.xib */,
			);
			name = Message;
			sourceTree = "<group>";
		};
		4C89AFD21DEBFD1A00A94D45 /* Other */ = {
			isa = PBXGroup;
			children = (
				4C89AFD31DEBFDD700A94D45 /* WCConfig.swift */,
			);
			path = Other;
			sourceTree = "<group>";
		};
		4CCD8E451DDD90E500EC2686 /* Detail */ = {
			isa = PBXGroup;
			children = (
				4CCD8E5F1DDDAD8B00EC2686 /* WCUserInfoViewController.swift */,
				4CCD8E601DDDAD8B00EC2686 /* WCUserInfoViewController.xib */,
			);
			name = Detail;
			sourceTree = "<group>";
		};
		4CCD8E581DDDAC3F00EC2686 /* Friend */ = {
			isa = PBXGroup;
			children = (
				4CCD8E631DDDADA000EC2686 /* WCFriendViewController.swift */,
				4CCD8E641DDDADA000EC2686 /* WCFriendViewController.xib */,
				4C4077CA1DE56226000B823F /* WCFriendHeaderView.swift */,
				4C4077CB1DE56226000B823F /* WCFriendHeaderView.xib */,
				4C4077D21DE56237000B823F /* Album */,
				4C1993F41DE5A0C1009F6078 /* publish */,
			);
			name = Friend;
			sourceTree = "<group>";
		};
		4CCD8E591DDDAC5300EC2686 /* QRCode */ = {
			isa = PBXGroup;
			children = (
				4CCD8E671DDDADB900EC2686 /* WCQRCodeViewController.swift */,
				4CCD8E681DDDADB900EC2686 /* WCQRCodeViewController.xib */,
			);
			name = QRCode;
			sourceTree = "<group>";
		};
		4CCD8E5A1DDDAC5D00EC2686 /* Shake */ = {
			isa = PBXGroup;
			children = (
				4CCD8E6B1DDDADC900EC2686 /* WCShakeViewController.swift */,
				4CCD8E6C1DDDADC900EC2686 /* WCShakeViewController.xib */,
			);
			name = Shake;
			sourceTree = "<group>";
		};
		4CD288DC1DED2C4500E3D37A /* Extension */ = {
			isa = PBXGroup;
			children = (
				4CD288E31DED31DC00E3D37A /* UIView+Addition.swift */,
			);
			name = Extension;
			sourceTree = "<group>";
		};
/* End PBXGroup section */

/* Begin PBXNativeTarget section */
		4C4AC8231DDC565300F115CB /* WeChat_Swift */ = {
			isa = PBXNativeTarget;
			buildConfigurationList = 4C4AC8361DDC565300F115CB /* Build configuration list for PBXNativeTarget "WeChat_Swift" */;
			buildPhases = (
				4C4AC8201DDC565300F115CB /* Sources */,
				4C4AC8211DDC565300F115CB /* Frameworks */,
				4C4AC8221DDC565300F115CB /* Resources */,
			);
			buildRules = (
			);
			dependencies = (
			);
			name = WeChat_Swift;
			productName = WeChat_Swift;
			productReference = 4C4AC8241DDC565300F115CB /* WeChat_Swift.app */;
			productType = "com.apple.product-type.application";
		};
/* End PBXNativeTarget section */

/* Begin PBXProject section */
		4C4AC81C1DDC565300F115CB /* Project object */ = {
			isa = PBXProject;
			attributes = {
				LastSwiftUpdateCheck = 0800;
				LastUpgradeCheck = 0800;
				ORGANIZATIONNAME = wanglidan;
				TargetAttributes = {
					4C4AC8231DDC565300F115CB = {
						CreatedOnToolsVersion = 8.0;
						DevelopmentTeam = ND5H26CBUG;
						ProvisioningStyle = Automatic;
					};
				};
			};
			buildConfigurationList = 4C4AC81F1DDC565300F115CB /* Build configuration list for PBXProject "WeChat_Swift" */;
			compatibilityVersion = "Xcode 3.2";
			developmentRegion = English;
			hasScannedForEncodings = 0;
			knownRegions = (
				en,
				Base,
			);
			mainGroup = 4C4AC81B1DDC565300F115CB;
			productRefGroup = 4C4AC8251DDC565300F115CB /* Products */;
			projectDirPath = "";
			projectRoot = "";
			targets = (
				4C4AC8231DDC565300F115CB /* WeChat_Swift */,
			);
		};
/* End PBXProject section */

/* Begin PBXResourcesBuildPhase section */
		4C4AC8221DDC565300F115CB /* Resources */ = {
			isa = PBXResourcesBuildPhase;
			buildActionMask = 2147483647;
			files = (
				4C707F231DE2ED12005389FF /* angel.jpg in Resources */,
				4C4077D61DE5627E000B823F /* WCPhotosViewController.xib in Resources */,
				4C4AC8EB1DDC5D8500F115CB /* MoreMyAlbum@2x.png in Resources */,
				4C4077FE1DE578E8000B823F /* 00.jpg in Resources */,
				4CCD8E661DDDADA000EC2686 /* WCFriendViewController.xib in Resources */,
				4C4078011DE578E8000B823F /* 11.jpg in Resources */,
				4C4AC8F41DDC5D8500F115CB /* MoreSetting@3x.png in Resources */,
				4C4AC8AE1DDC5D7100F115CB /* ff_IconBottle@3x.png in Resources */,
				4C4077CF1DE56226000B823F /* WCFriendHeaderView.xib in Resources */,
				4C4AC8BF1DDC5D7100F115CB /* LikeCmtBg@3x.png in Resources */,
				4C4AC8531DDC5D6300F115CB /* header_icon_add@2x.png in Resources */,
				4C4AC8BD1DDC5D7100F115CB /* Like@3x.png in Resources */,
				4C4077DE1DE56DB6000B823F /* WCPhotoCell.xib in Resources */,
				4C4078031DE578E8000B823F /* 13.jpg in Resources */,
				4C4AC8C01DDC5D7100F115CB /* MoreGame.png in Resources */,
				4C4AC8F11DDC5D8500F115CB /* MoreMyFavorites@2x.png in Resources */,
				4C4AC8BB1DDC5D7100F115CB /* FootStep@2x.png in Resources */,
				4C4AC9151DDC634B00F115CB /* WCContactViewController.xib in Resources */,
				4C707F251DE2F492005389FF /* activity.png in Resources */,
				4C4AC8B91DDC5D7100F115CB /* ff_IconShowAlbum@2x.png in Resources */,
				4CCD8E6A1DDDADB900EC2686 /* WCQRCodeViewController.xib in Resources */,
				4C4AC8E61DDC5D8500F115CB /* barbuttonicon_set@3x.png in Resources */,
				4C4AC8E51DDC5D8500F115CB /* barbuttonicon_set@2x.png in Resources */,
				4C40780F1DE578E8000B823F /* 03.jpg in Resources */,
				4C4AC89A1DDC5D7100F115CB /* AlbumOperateMoreHL@3x.png in Resources */,
				4C4AC8AC1DDC5D7100F115CB /* ff_IconBottle.png in Resources */,
				4C4AC8321DDC565300F115CB /* LaunchScreen.storyboard in Resources */,
				4C4AC8C91DDC5D7100F115CB /* Shake_Line_Down@2x.png in Resources */,
				4C4078001DE578E8000B823F /* 10.jpg in Resources */,
				4C1993F81DE5A0EF009F6078 /* WCPublishViewController.xib in Resources */,
				4C4AC8B71DDC5D7100F115CB /* ff_IconShake@3x.png in Resources */,
				4C4078071DE578E8000B823F /* 17.jpg in Resources */,
				4C4AC89C1DDC5D7100F115CB /* AlbumReflashIcon@2x.png in Resources */,
				4CCD8E621DDDAD8B00EC2686 /* WCUserInfoViewController.xib in Resources */,
				4C4AC8C81DDC5D7100F115CB /* Shake_icon_tvHL@2x.png in Resources */,
				4C4AC8E71DDC5D8500F115CB /* MoreExpressionShops.png in Resources */,
				4C4AC8C31DDC5D7100F115CB /* Shake_icon_music@2x.png in Resources */,
				4C40780D1DE578E8000B823F /* 22.jpg in Resources */,
				4C40780B1DE578E8000B823F /* 20.jpg in Resources */,
				4C4AC89F1DDC5D7100F115CB /* bottleBoard.png in Resources */,
				4C4078151DE578E8000B823F /* 09.jpg in Resources */,
				4C4078051DE578E8000B823F /* 15.jpg in Resources */,
				4C4AC8A81DDC5D7100F115CB /* bottleRecord@2x.png in Resources */,
				4C4AC8AD1DDC5D7100F115CB /* ff_IconBottle@2x.png in Resources */,
				4C4AC8911DDC5D7100F115CB /* Action_JD_mainMenu@2x.png in Resources */,
				4C4AC8B61DDC5D7100F115CB /* ff_IconShake@2x.png in Resources */,
				4C4077E41DE5750D000B823F /* PictureCell.plist in Resources */,
				4C4078101DE578E8000B823F /* 04.jpg in Resources */,
				4C4AC8A91DDC5D7100F115CB /* Camera@2x.png in Resources */,
				4C4AC8F81DDC5D8500F115CB /* ProfileLockOn@3x.png in Resources */,
				4C4AC82F1DDC565300F115CB /* Assets.xcassets in Resources */,
				4C4AC9021DDC5D9E00F115CB /* tabbar_contacts@2x.png in Resources */,
				4C4AC9191DDC636100F115CB /* WCDiscoverViewController.xib in Resources */,
				4C4AC9081DDC5D9E00F115CB /* tabbar_me@2x.png in Resources */,
				4C40780E1DE578E8000B823F /* 23.jpg in Resources */,
				4C4AC8BA1DDC5D7100F115CB /* ff_IconShowAlbum@3x.png in Resources */,
				4C4AC8961DDC5D7100F115CB /* AlbumLike@3x.png in Resources */,
				4C4077E21DE56F4F000B823F /* unchecked.png in Resources */,
				4C4AC8BE1DDC5D7100F115CB /* LikeCmtBg@2x.png in Resources */,
				4C4AC8AA1DDC5D7100F115CB /* Camera@3x.png in Resources */,
				4C4AC8A11DDC5D7100F115CB /* bottleButtonFish.png in Resources */,
				4C4AC9071DDC5D9E00F115CB /* tabbar_mainframeHL@2x.png in Resources */,
				4C4AC8F31DDC5D8500F115CB /* MoreSetting@2x.png in Resources */,
				4C4AC8F21DDC5D8500F115CB /* MoreMyFavorites@3x.png in Resources */,
				4C4077E11DE56F4F000B823F /* checked.png in Resources */,
				4C4AC8B31DDC5D7100F115CB /* ff_IconQRCode@2x.png in Resources */,
				4C4AC9301DDD5D9800F115CB /* WCSearchResultViewController.xib in Resources */,
				4C4AC8B11DDC5D7100F115CB /* ff_IconLocationService@3x.png in Resources */,
				4C4AC8C71DDC5D7100F115CB /* Shake_icon_tv@2x.png in Resources */,
				4C4078041DE578E8000B823F /* 14.jpg in Resources */,
				4C4AC8F91DDC5D8500F115CB /* xhr.png in Resources */,
				4C4AC9041DDC5D9E00F115CB /* tabbar_discover@2x.png in Resources */,
				4C4078091DE578E8000B823F /* 19.jpg in Resources */,
				4C4AC8A51DDC5D7100F115CB /* bottleButtonThrow.png in Resources */,
				4C4AC8991DDC5D7100F115CB /* AlbumOperateMoreHL@2x.png in Resources */,
				4C4AC9111DDC62F000F115CB /* WCHomeViewController.xib in Resources */,
				4C4AC8E81DDC5D8500F115CB /* MoreExpressionShops@2x.png in Resources */,
				4C4AC8EA1DDC5D8500F115CB /* MoreMyAlbum.png in Resources */,
				4CCD8E4B1DDD960000EC2686 /* WCDiscoverContents.plist in Resources */,
				4C4AC8A31DDC5D7100F115CB /* bottleButtonMine.png in Resources */,
				4C4078141DE578E8000B823F /* 08.jpg in Resources */,
				4C4AC8B41DDC5D7100F115CB /* ff_IconQRCode@3x.png in Resources */,
				4C4AC8C51DDC5D7100F115CB /* Shake_icon_people@2x.png in Resources */,
				4C4AC8AF1DDC5D7100F115CB /* ff_IconLocationService.png in Resources */,
				4C4077FF1DE578E8000B823F /* 01.jpg in Resources */,
				4C4AC8A41DDC5D7100F115CB /* bottleButtonMine@2x.png in Resources */,
				4C4AC8CB1DDC5D7100F115CB /* Shake_Logo_Down@2x.png in Resources */,
				4C4AC8C21DDC5D7100F115CB /* MoreGame@3x.png in Resources */,
				4CCD8E5E1DDDAD7E00EC2686 /* WCMessageViewController.xib in Resources */,
				4C4077DA1DE562C7000B823F /* WCAlbumsViewController.xib in Resources */,
				4C4078131DE578E8000B823F /* 07.jpg in Resources */,
				4C4AC91D1DDC637000F115CB /* WCMyViewController.xib in Resources */,
				4C4AC89B1DDC5D7100F115CB /* AlbumOperateMoreViewBkg@2x.png in Resources */,
				4C4AC8B51DDC5D7100F115CB /* ff_IconShake.png in Resources */,
				4C4AC8F71DDC5D8500F115CB /* ProfileLockOn@2x.png in Resources */,
				4C707F211DE2ECD8005389FF /* pbg.jpg in Resources */,
				4C4AC8931DDC5D7100F115CB /* AlbumComment@2x.png in Resources */,
				4C4AC8941DDC5D7100F115CB /* AlbumComment@3x.png in Resources */,
				4C4AC9091DDC5D9E00F115CB /* tabbar_meHL@2x.png in Resources */,
				4C4AC8CA1DDC5D7100F115CB /* Shake_Line_Up@2x.png in Resources */,
				4C4AC8EC1DDC5D8500F115CB /* MoreMyAlbum@3x.png in Resources */,
				4C4AC8C41DDC5D7100F115CB /* Shake_icon_musicHL@2x.png in Resources */,
				4C4AC8B81DDC5D7100F115CB /* ff_IconShowAlbum.png in Resources */,
				4C4AC8951DDC5D7100F115CB /* AlbumLike@2x.png in Resources */,
				4C4AC8CD1DDC5D7100F115CB /* ShakeHideImg_women@2x.png in Resources */,
				4C4AC8A61DDC5D7100F115CB /* bottleButtonThrow@2x.png in Resources */,
				4C4AC8E91DDC5D8500F115CB /* MoreExpressionShops@3x.png in Resources */,
				4C4AC82D1DDC565300F115CB /* Main.storyboard in Resources */,
				4C4AC9051DDC5D9E00F115CB /* tabbar_discoverHL@2x.png in Resources */,
				4C4AC8ED1DDC5D8500F115CB /* MoreMyBankCard.png in Resources */,
				4C4AC8CC1DDC5D7100F115CB /* Shake_Logo_Up@2x.png in Resources */,
				4C4AC8E41DDC5D8500F115CB /* barbuttonicon_set.png in Resources */,
				4CCD8E6E1DDDADC900EC2686 /* WCShakeViewController.xib in Resources */,
				4C4AC9061DDC5D9E00F115CB /* tabbar_mainframe@2x.png in Resources */,
				4C4AC8A71DDC5D7100F115CB /* bottleNightBkg@2x.jpg in Resources */,
				4C4078111DE578E8000B823F /* 05.jpg in Resources */,
				4C4AC8981DDC5D7100F115CB /* AlbumOperateMore@3x.png in Resources */,
				4C4078121DE578E8000B823F /* 06.jpg in Resources */,
				4C4AC9271DDC6C1700F115CB /* WCHomeViewCell.xib in Resources */,
				4C4AC89D1DDC5D7100F115CB /* bottleBkg@2x.jpg in Resources */,
				4C4AC8F51DDC5D8500F115CB /* my.png in Resources */,
				4C4AC8971DDC5D7100F115CB /* AlbumOperateMore@2x.png in Resources */,
				4C4AC8F61DDC5D8500F115CB /* MyCardPackageIcon@2x.png in Resources */,
				4C4AC8EE1DDC5D8500F115CB /* MoreMyBankCard@2x.png in Resources */,
				4C40780A1DE578E8000B823F /* 02.jpg in Resources */,
				4C1993FC1DE68D07009F6078 /* WCPublishHeaderView.xib in Resources */,
				4C4078061DE578E8000B823F /* 16.jpg in Resources */,
				4C4078081DE578E8000B823F /* 18.jpg in Resources */,
				4C4AC8A01DDC5D7100F115CB /* bottleBoard@2x.png in Resources */,
				4C4AC8AB1DDC5D7100F115CB /* CreditCard_ShoppingBag@2x.png in Resources */,
				4C4AC8F01DDC5D8500F115CB /* MoreMyFavorites.png in Resources */,
				4C4AC8B01DDC5D7100F115CB /* ff_IconLocationService@2x.png in Resources */,
				4C4AC89E1DDC5D7100F115CB /* bottleBkgSpotLight@2x.png in Resources */,
				4C4AC8A21DDC5D7100F115CB /* bottleButtonFish@2x.png in Resources */,
				4C40780C1DE578E8000B823F /* 21.jpg in Resources */,
				4C4AC8BC1DDC5D7100F115CB /* Like@2x.png in Resources */,
				4C4AC8B21DDC5D7100F115CB /* ff_IconQRCode.png in Resources */,
				4C4AC90B1DDC5E1000F115CB /* Dimensional-_Code_Bg@2x.png in Resources */,
				4C4AC8921DDC5D7100F115CB /* AlbumAddBtn@2x.png in Resources */,
				4C4AC8EF1DDC5D8500F115CB /* MoreMyBankCard@3x.png in Resources */,
				4C4078021DE578E8000B823F /* 12.jpg in Resources */,
				4C4AC8C11DDC5D7100F115CB /* MoreGame@2x.png in Resources */,
				4C4AC8C61DDC5D7100F115CB /* Shake_icon_peopleHL@2x.png in Resources */,
				4C4AC9031DDC5D9E00F115CB /* tabbar_contactsHL@2x.png in Resources */,
			);
			runOnlyForDeploymentPostprocessing = 0;
		};
/* End PBXResourcesBuildPhase section */

/* Begin PBXSourcesBuildPhase section */
		4C4AC8201DDC565300F115CB /* Sources */ = {
			isa = PBXSourcesBuildPhase;
			buildActionMask = 2147483647;
			files = (
				4C4AC91F1DDC638D00F115CB /* WCContactNavController.swift in Sources */,
				4CCD8E691DDDADB900EC2686 /* WCQRCodeViewController.swift in Sources */,
				4C89AFD41DEBFDD700A94D45 /* WCConfig.swift in Sources */,
				4C4078171DE596A5000B823F /* WCPhotoModel.swift in Sources */,
				4C4AC84F1DDC5BA100F115CB /* WCBaseTabBarController.swift in Sources */,
				4C4AC91C1DDC637000F115CB /* WCMyViewController.swift in Sources */,
				4C4AC9231DDC63B900F115CB /* WCMyNavController.swift in Sources */,
				4C4AC92F1DDD5D9800F115CB /* WCSearchResultViewController.swift in Sources */,
				4C4AC9181DDC636100F115CB /* WCDiscoverViewController.swift in Sources */,
				4C4AC9101DDC62F000F115CB /* WCHomeViewController.swift in Sources */,
				4C4077D51DE5627E000B823F /* WCPhotosViewController.swift in Sources */,
				4C4AC8511DDC5BB900F115CB /* WCBaseViewController.swift in Sources */,
				4C4AC84D1DDC5B7F00F115CB /* WCBaseNavController.swift in Sources */,
				4C1993F71DE5A0EF009F6078 /* WCPublishViewController.swift in Sources */,
				4CCD8E651DDDADA000EC2686 /* WCFriendViewController.swift in Sources */,
				4C4077D91DE562C7000B823F /* WCAlbumsViewController.swift in Sources */,
				4C4248FA1DEC2EF1007345FE /* WCAlertSheet.swift in Sources */,
				4C4AC8281DDC565300F115CB /* AppDelegate.swift in Sources */,
				4C4077DD1DE56DB6000B823F /* WCPhotoCell.swift in Sources */,
				4C4AC9211DDC63A100F115CB /* WCDiscoverNavController.swift in Sources */,
				4C4077CE1DE56226000B823F /* WCFriendHeaderView.swift in Sources */,
				4CD288E41DED31DC00E3D37A /* UIView+Addition.swift in Sources */,
				4C4AC9261DDC6C1700F115CB /* WCHomeViewCell.swift in Sources */,
				4C4AC90D1DDC62D600F115CB /* WCHomeNavController.swift in Sources */,
				4CCD8E611DDDAD8B00EC2686 /* WCUserInfoViewController.swift in Sources */,
				4CCD8E5D1DDDAD7E00EC2686 /* WCMessageViewController.swift in Sources */,
				4C4AC9141DDC634B00F115CB /* WCContactViewController.swift in Sources */,
				4CCD8E6D1DDDADC900EC2686 /* WCShakeViewController.swift in Sources */,
				4C1993FA1DE68CF1009F6078 /* WCPublishHeaderView.swift in Sources */,
			);
			runOnlyForDeploymentPostprocessing = 0;
		};
/* End PBXSourcesBuildPhase section */

/* Begin PBXVariantGroup section */
		4C4AC82B1DDC565300F115CB /* Main.storyboard */ = {
			isa = PBXVariantGroup;
			children = (
				4C4AC82C1DDC565300F115CB /* Base */,
			);
			name = Main.storyboard;
			sourceTree = "<group>";
		};
		4C4AC8301DDC565300F115CB /* LaunchScreen.storyboard */ = {
			isa = PBXVariantGroup;
			children = (
				4C4AC8311DDC565300F115CB /* Base */,
			);
			name = LaunchScreen.storyboard;
			sourceTree = "<group>";
		};
/* End PBXVariantGroup section */

/* Begin XCBuildConfiguration section */
		4C4AC8341DDC565300F115CB /* Debug */ = {
			isa = XCBuildConfiguration;
			buildSettings = {
				ALWAYS_SEARCH_USER_PATHS = NO;
				CLANG_ANALYZER_NONNULL = YES;
				CLANG_CXX_LANGUAGE_STANDARD = "gnu++0x";
				CLANG_CXX_LIBRARY = "libc++";
				CLANG_ENABLE_MODULES = YES;
				CLANG_ENABLE_OBJC_ARC = YES;
				CLANG_WARN_BOOL_CONVERSION = YES;
				CLANG_WARN_CONSTANT_CONVERSION = YES;
				CLANG_WARN_DIRECT_OBJC_ISA_USAGE = YES_ERROR;
				CLANG_WARN_DOCUMENTATION_COMMENTS = YES;
				CLANG_WARN_EMPTY_BODY = YES;
				CLANG_WARN_ENUM_CONVERSION = YES;
				CLANG_WARN_INFINITE_RECURSION = YES;
				CLANG_WARN_INT_CONVERSION = YES;
				CLANG_WARN_OBJC_ROOT_CLASS = YES_ERROR;
				CLANG_WARN_SUSPICIOUS_MOVES = YES;
				CLANG_WARN_UNREACHABLE_CODE = YES;
				CLANG_WARN__DUPLICATE_METHOD_MATCH = YES;
				"CODE_SIGN_IDENTITY[sdk=iphoneos*]" = "iPhone Developer";
				COPY_PHASE_STRIP = NO;
				DEBUG_INFORMATION_FORMAT = dwarf;
				ENABLE_STRICT_OBJC_MSGSEND = YES;
				ENABLE_TESTABILITY = YES;
				GCC_C_LANGUAGE_STANDARD = gnu99;
				GCC_DYNAMIC_NO_PIC = NO;
				GCC_NO_COMMON_BLOCKS = YES;
				GCC_OPTIMIZATION_LEVEL = 0;
				GCC_PREFIX_HEADER = "";
				GCC_PREPROCESSOR_DEFINITIONS = (
					"DEBUG=1",
					"$(inherited)",
				);
				GCC_WARN_64_TO_32_BIT_CONVERSION = YES;
				GCC_WARN_ABOUT_RETURN_TYPE = YES_ERROR;
				GCC_WARN_UNDECLARED_SELECTOR = YES;
				GCC_WARN_UNINITIALIZED_AUTOS = YES_AGGRESSIVE;
				GCC_WARN_UNUSED_FUNCTION = YES;
				GCC_WARN_UNUSED_VARIABLE = YES;
				IPHONEOS_DEPLOYMENT_TARGET = 10.0;
				MTL_ENABLE_DEBUG_INFO = YES;
				ONLY_ACTIVE_ARCH = YES;
				SDKROOT = iphoneos;
				SWIFT_ACTIVE_COMPILATION_CONDITIONS = DEBUG;
				SWIFT_OBJC_BRIDGING_HEADER = "";
				SWIFT_OPTIMIZATION_LEVEL = "-Onone";
				TARGETED_DEVICE_FAMILY = "1,2";
			};
			name = Debug;
		};
		4C4AC8351DDC565300F115CB /* Release */ = {
			isa = XCBuildConfiguration;
			buildSettings = {
				ALWAYS_SEARCH_USER_PATHS = NO;
				CLANG_ANALYZER_NONNULL = YES;
				CLANG_CXX_LANGUAGE_STANDARD = "gnu++0x";
				CLANG_CXX_LIBRARY = "libc++";
				CLANG_ENABLE_MODULES = YES;
				CLANG_ENABLE_OBJC_ARC = YES;
				CLANG_WARN_BOOL_CONVERSION = YES;
				CLANG_WARN_CONSTANT_CONVERSION = YES;
				CLANG_WARN_DIRECT_OBJC_ISA_USAGE = YES_ERROR;
				CLANG_WARN_DOCUMENTATION_COMMENTS = YES;
				CLANG_WARN_EMPTY_BODY = YES;
				CLANG_WARN_ENUM_CONVERSION = YES;
				CLANG_WARN_INFINITE_RECURSION = YES;
				CLANG_WARN_INT_CONVERSION = YES;
				CLANG_WARN_OBJC_ROOT_CLASS = YES_ERROR;
				CLANG_WARN_SUSPICIOUS_MOVES = YES;
				CLANG_WARN_UNREACHABLE_CODE = YES;
				CLANG_WARN__DUPLICATE_METHOD_MATCH = YES;
				"CODE_SIGN_IDENTITY[sdk=iphoneos*]" = "iPhone Developer";
				COPY_PHASE_STRIP = NO;
				DEBUG_INFORMATION_FORMAT = "dwarf-with-dsym";
				ENABLE_NS_ASSERTIONS = NO;
				ENABLE_STRICT_OBJC_MSGSEND = YES;
				GCC_C_LANGUAGE_STANDARD = gnu99;
				GCC_NO_COMMON_BLOCKS = YES;
				GCC_PREFIX_HEADER = "";
				GCC_WARN_64_TO_32_BIT_CONVERSION = YES;
				GCC_WARN_ABOUT_RETURN_TYPE = YES_ERROR;
				GCC_WARN_UNDECLARED_SELECTOR = YES;
				GCC_WARN_UNINITIALIZED_AUTOS = YES_AGGRESSIVE;
				GCC_WARN_UNUSED_FUNCTION = YES;
				GCC_WARN_UNUSED_VARIABLE = YES;
				IPHONEOS_DEPLOYMENT_TARGET = 10.0;
				MTL_ENABLE_DEBUG_INFO = NO;
				SDKROOT = iphoneos;
				SWIFT_OBJC_BRIDGING_HEADER = "";
				SWIFT_OPTIMIZATION_LEVEL = "-Owholemodule";
				TARGETED_DEVICE_FAMILY = "1,2";
				VALIDATE_PRODUCT = YES;
			};
			name = Release;
		};
		4C4AC8371DDC565300F115CB /* Debug */ = {
			isa = XCBuildConfiguration;
			buildSettings = {
				ASSETCATALOG_COMPILER_APPICON_NAME = AppIcon;
				DEVELOPMENT_TEAM = ND5H26CBUG;
				GCC_PREFIX_HEADER = "";
				INFOPLIST_FILE = WeChat_Swift/Info.plist;
				LD_RUNPATH_SEARCH_PATHS = "$(inherited) @executable_path/Frameworks";
				PRODUCT_BUNDLE_IDENTIFIER = "wld.com.WeChat-Swift";
				PRODUCT_NAME = "$(TARGET_NAME)";
				SWIFT_OBJC_BRIDGING_HEADER = "";
				SWIFT_VERSION = 3.0;
			};
			name = Debug;
		};
		4C4AC8381DDC565300F115CB /* Release */ = {
			isa = XCBuildConfiguration;
			buildSettings = {
				ASSETCATALOG_COMPILER_APPICON_NAME = AppIcon;
				DEVELOPMENT_TEAM = ND5H26CBUG;
				GCC_PREFIX_HEADER = "";
				INFOPLIST_FILE = WeChat_Swift/Info.plist;
				LD_RUNPATH_SEARCH_PATHS = "$(inherited) @executable_path/Frameworks";
				PRODUCT_BUNDLE_IDENTIFIER = "wld.com.WeChat-Swift";
				PRODUCT_NAME = "$(TARGET_NAME)";
				SWIFT_OBJC_BRIDGING_HEADER = "";
				SWIFT_VERSION = 3.0;
			};
			name = Release;
		};
/* End XCBuildConfiguration section */

/* Begin XCConfigurationList section */
		4C4AC81F1DDC565300F115CB /* Build configuration list for PBXProject "WeChat_Swift" */ = {
			isa = XCConfigurationList;
			buildConfigurations = (
				4C4AC8341DDC565300F115CB /* Debug */,
				4C4AC8351DDC565300F115CB /* Release */,
			);
			defaultConfigurationIsVisible = 0;
			defaultConfigurationName = Release;
		};
		4C4AC8361DDC565300F115CB /* Build configuration list for PBXNativeTarget "WeChat_Swift" */ = {
			isa = XCConfigurationList;
			buildConfigurations = (
				4C4AC8371DDC565300F115CB /* Debug */,
				4C4AC8381DDC565300F115CB /* Release */,
			);
			defaultConfigurationIsVisible = 0;
			defaultConfigurationName = Release;
		};
/* End XCConfigurationList section */
	};
	rootObject = 4C4AC81C1DDC565300F115CB /* Project object */;
}
